// !$*UTF8*$!
{
	archiveVersion = 1;
	classes = {
	};
	objectVersion = 46;
	objects = {

/* Begin PBXBuildFile section */
		C10D926014F20483000EA216 /* AudioToolbox.framework in Frameworks */ = {isa = PBXBuildFile; fileRef = C10D925F14F20483000EA216 /* AudioToolbox.framework */; };
		C17C5F4614B27C8D00B2F38F /* UIKit.framework in Frameworks */ = {isa = PBXBuildFile; fileRef = C17C5F4514B27C8D00B2F38F /* UIKit.framework */; };
		C17C5F4814B27C8D00B2F38F /* Foundation.framework in Frameworks */ = {isa = PBXBuildFile; fileRef = C17C5F4714B27C8D00B2F38F /* Foundation.framework */; };
		C17C5F4A14B27C8D00B2F38F /* CoreGraphics.framework in Frameworks */ = {isa = PBXBuildFile; fileRef = C17C5F4914B27C8D00B2F38F /* CoreGraphics.framework */; };
		C17C5F5014B27C8D00B2F38F /* InfoPlist.strings in Resources */ = {isa = PBXBuildFile; fileRef = C17C5F4E14B27C8D00B2F38F /* InfoPlist.strings */; };
		C17C5F5214B27C8D00B2F38F /* main.m in Sources */ = {isa = PBXBuildFile; fileRef = C17C5F5114B27C8D00B2F38F /* main.m */; };
		C17C5F5614B27C8D00B2F38F /* AppDelegate.m in Sources */ = {isa = PBXBuildFile; fileRef = C17C5F5514B27C8D00B2F38F /* AppDelegate.m */; };
		C17C5F6314B27CF500B2F38F /* MainViewController.m in Sources */ = {isa = PBXBuildFile; fileRef = C17C5F6114B27CF400B2F38F /* MainViewController.m */; };
		C17C5F6414B27CF500B2F38F /* MainViewController.xib in Resources */ = {isa = PBXBuildFile; fileRef = C17C5F6214B27CF500B2F38F /* MainViewController.xib */; };
		C17C5F6814B27EB800B2F38F /* CreditsViewController.m in Sources */ = {isa = PBXBuildFile; fileRef = C17C5F6614B27EB700B2F38F /* CreditsViewController.m */; };
		C17C5F6914B27EB800B2F38F /* CreditsViewController.xib in Resources */ = {isa = PBXBuildFile; fileRef = C17C5F6714B27EB800B2F38F /* CreditsViewController.xib */; };
		C17C5F6D14B27ED400B2F38F /* HelpViewController.m in Sources */ = {isa = PBXBuildFile; fileRef = C17C5F6B14B27ED300B2F38F /* HelpViewController.m */; };
		C17C5F6E14B27ED400B2F38F /* HelpViewController.xib in Resources */ = {isa = PBXBuildFile; fileRef = C17C5F6C14B27ED300B2F38F /* HelpViewController.xib */; };
		C17C5F7714B283D600B2F38F /* DollInteractionViewController.m in Sources */ = {isa = PBXBuildFile; fileRef = C17C5F7514B283D400B2F38F /* DollInteractionViewController.m */; };
		C17C5F7814B283D600B2F38F /* DollInteractionViewController.xib in Resources */ = {isa = PBXBuildFile; fileRef = C17C5F7614B283D600B2F38F /* DollInteractionViewController.xib */; };
		C17C5F7C14B283F400B2F38F /* DollCustomizationViewController.m in Sources */ = {isa = PBXBuildFile; fileRef = C17C5F7A14B283F100B2F38F /* DollCustomizationViewController.m */; };
		C17C5F7D14B283F400B2F38F /* DollCustomizationViewController.xib in Resources */ = {isa = PBXBuildFile; fileRef = C17C5F7B14B283F200B2F38F /* DollCustomizationViewController.xib */; };
		C17C5F8014B2840E00B2F38F /* Doll.m in Sources */ = {isa = PBXBuildFile; fileRef = C17C5F7F14B2840C00B2F38F /* Doll.m */; };
		C17C5F8714B284B600B2F38F /* DollDataManager.m in Sources */ = {isa = PBXBuildFile; fileRef = C17C5F8614B284B300B2F38F /* DollDataManager.m */; };
		C181806114B89DBC00EAB6F2 /* AddDollViewController.m in Sources */ = {isa = PBXBuildFile; fileRef = C181805F14B89DBC00EAB6F2 /* AddDollViewController.m */; };
		C181806214B89DBC00EAB6F2 /* AddDollViewController.xib in Resources */ = {isa = PBXBuildFile; fileRef = C181806014B89DBC00EAB6F2 /* AddDollViewController.xib */; };
		C183ADE614BA64C9009D8ABF /* mainview.png in Resources */ = {isa = PBXBuildFile; fileRef = C183ADE514BA64C9009D8ABF /* mainview.png */; };
		C183ADE814BA64FA009D8ABF /* startbutton.png in Resources */ = {isa = PBXBuildFile; fileRef = C183ADE714BA64FA009D8ABF /* startbutton.png */; };
		C183ADEA14BA653B009D8ABF /* helpbutton.png in Resources */ = {isa = PBXBuildFile; fileRef = C183ADE914BA653B009D8ABF /* helpbutton.png */; };
		C183ADEC14BA6587009D8ABF /* creditsbutton.png in Resources */ = {isa = PBXBuildFile; fileRef = C183ADEB14BA6587009D8ABF /* creditsbutton.png */; };
		C183ADEE14BA6616009D8ABF /* startbuttonpressed.png in Resources */ = {isa = PBXBuildFile; fileRef = C183ADED14BA6616009D8ABF /* startbuttonpressed.png */; };
		C183ADF014BA6640009D8ABF /* creditsbuttonpressed.png in Resources */ = {isa = PBXBuildFile; fileRef = C183ADEF14BA6640009D8ABF /* creditsbuttonpressed.png */; };
		C183ADF214BA6658009D8ABF /* helpbuttonpressed.png in Resources */ = {isa = PBXBuildFile; fileRef = C183ADF114BA6658009D8ABF /* helpbuttonpressed.png */; };
		C183AE2814BBB5BB009D8ABF /* female.png in Resources */ = {isa = PBXBuildFile; fileRef = C183AE2614BBB5BB009D8ABF /* female.png */; };
		C183AE2914BBB5BB009D8ABF /* femaleout.png in Resources */ = {isa = PBXBuildFile; fileRef = C183AE2714BBB5BB009D8ABF /* femaleout.png */; };
		C183AE2C14BBB642009D8ABF /* male.png in Resources */ = {isa = PBXBuildFile; fileRef = C183AE2A14BBB642009D8ABF /* male.png */; };
		C183AE2D14BBB642009D8ABF /* maleout.png in Resources */ = {isa = PBXBuildFile; fileRef = C183AE2B14BBB642009D8ABF /* maleout.png */; };
		C183AE3014BBB699009D8ABF /* other.png in Resources */ = {isa = PBXBuildFile; fileRef = C183AE2E14BBB699009D8ABF /* other.png */; };
		C183AE3114BBB699009D8ABF /* otherout.png in Resources */ = {isa = PBXBuildFile; fileRef = C183AE2F14BBB699009D8ABF /* otherout.png */; };
		C183AE3714BBB8FE009D8ABF /* hair1.png in Resources */ = {isa = PBXBuildFile; fileRef = C183AE3214BBB8FD009D8ABF /* hair1.png */; };
		C183AE3814BBB8FE009D8ABF /* hair2.png in Resources */ = {isa = PBXBuildFile; fileRef = C183AE3314BBB8FD009D8ABF /* hair2.png */; };
		C183AE3914BBB8FE009D8ABF /* hair3.png in Resources */ = {isa = PBXBuildFile; fileRef = C183AE3414BBB8FD009D8ABF /* hair3.png */; };
		C183AE3A14BBB8FE009D8ABF /* hair4.png in Resources */ = {isa = PBXBuildFile; fileRef = C183AE3514BBB8FE009D8ABF /* hair4.png */; };
		C183AE3B14BBB8FE009D8ABF /* hair5.png in Resources */ = {isa = PBXBuildFile; fileRef = C183AE3614BBB8FE009D8ABF /* hair5.png */; };
		C183AE5114BCCD63009D8ABF /* pants1out.png in Resources */ = {isa = PBXBuildFile; fileRef = C183AE5014BCCD63009D8ABF /* pants1out.png */; };
		C183AE5514BCCD73009D8ABF /* pants2out.png in Resources */ = {isa = PBXBuildFile; fileRef = C183AE5414BCCD73009D8ABF /* pants2out.png */; };
		C183AE5714BCCD76009D8ABF /* pants3.png in Resources */ = {isa = PBXBuildFile; fileRef = C183AE5614BCCD76009D8ABF /* pants3.png */; };
		C183AE5F14BCCD95009D8ABF /* pants5out.png in Resources */ = {isa = PBXBuildFile; fileRef = C183AE5D14BCCD95009D8ABF /* pants5out.png */; };
		C183AE6114BCCDAC009D8ABF /* pants3out.png in Resources */ = {isa = PBXBuildFile; fileRef = C183AE6014BCCDAC009D8ABF /* pants3out.png */; };
		C183AE6414BCCDBB009D8ABF /* other1.png in Resources */ = {isa = PBXBuildFile; fileRef = C183AE6214BCCDBB009D8ABF /* other1.png */; };
		C183AE6514BCCDBB009D8ABF /* other1out.png in Resources */ = {isa = PBXBuildFile; fileRef = C183AE6314BCCDBB009D8ABF /* other1out.png */; };
		C183AE6A14BCD023009D8ABF /* shirt1.png in Resources */ = {isa = PBXBuildFile; fileRef = C183AE6614BCD023009D8ABF /* shirt1.png */; };
		C183AE6D14BCD023009D8ABF /* shirt2out.png in Resources */ = {isa = PBXBuildFile; fileRef = C183AE6914BCD023009D8ABF /* shirt2out.png */; };
		C183AE6F14BCD030009D8ABF /* shirt3.png in Resources */ = {isa = PBXBuildFile; fileRef = C183AE6E14BCD030009D8ABF /* shirt3.png */; };
		C183AE7114BCD034009D8ABF /* shirt3out.png in Resources */ = {isa = PBXBuildFile; fileRef = C183AE7014BCD034009D8ABF /* shirt3out.png */; };
		C183AE7614BCD03C009D8ABF /* shirt4.png in Resources */ = {isa = PBXBuildFile; fileRef = C183AE7214BCD03C009D8ABF /* shirt4.png */; };
		C183AE7814BCD03C009D8ABF /* shirt5.png in Resources */ = {isa = PBXBuildFile; fileRef = C183AE7414BCD03C009D8ABF /* shirt5.png */; };
		C183AE7914BCD03C009D8ABF /* shirt5out.png in Resources */ = {isa = PBXBuildFile; fileRef = C183AE7514BCD03C009D8ABF /* shirt5out.png */; };
		C183AE7E14BCE708009D8ABF /* DollsViewController.m in Sources */ = {isa = PBXBuildFile; fileRef = C183AE7C14BCE707009D8ABF /* DollsViewController.m */; };
		C183AE7F14BCE708009D8ABF /* DollsViewController.xib in Resources */ = {isa = PBXBuildFile; fileRef = C183AE7D14BCE707009D8ABF /* DollsViewController.xib */; };
		C1A395491506AB7F00C8EE8E /* SystemConfiguration.framework in Frameworks */ = {isa = PBXBuildFile; fileRef = C1A395481506AB7E00C8EE8E /* SystemConfiguration.framework */; };
		C1A3954B1506AB8B00C8EE8E /* Security.framework in Frameworks */ = {isa = PBXBuildFile; fileRef = C1A3954A1506AB8B00C8EE8E /* Security.framework */; };
		C1A3954D1506AB9600C8EE8E /* MessageUI.framework in Frameworks */ = {isa = PBXBuildFile; fileRef = C1A3954C1506AB9600C8EE8E /* MessageUI.framework */; };
		C1A395DD1506C4FB00C8EE8E /* QuartzCore.framework in Frameworks */ = {isa = PBXBuildFile; fileRef = C1A395DC1506C4FA00C8EE8E /* QuartzCore.framework */; };
		C1A3F22B150AD65E00857179 /* burn@2x.png in Resources */ = {isa = PBXBuildFile; fileRef = C1A3F22A150AD65E00857179 /* burn@2x.png */; };
		C1A3F22E150AD66500857179 /* flame1@2x.png in Resources */ = {isa = PBXBuildFile; fileRef = C1A3F22D150AD66500857179 /* flame1@2x.png */; };
		C1A3F230150AD66A00857179 /* flame2@2x.png in Resources */ = {isa = PBXBuildFile; fileRef = C1A3F22F150AD66A00857179 /* flame2@2x.png */; };
		C1A3F232150AD66F00857179 /* lightning1@2x.png in Resources */ = {isa = PBXBuildFile; fileRef = C1A3F231150AD66F00857179 /* lightning1@2x.png */; };
		C1A3F234150AD67300857179 /* lightning2@2x.png in Resources */ = {isa = PBXBuildFile; fileRef = C1A3F233150AD67300857179 /* lightning2@2x.png */; };
		C1A3F236150AD67700857179 /* lightning3@2x.png in Resources */ = {isa = PBXBuildFile; fileRef = C1A3F235150AD67700857179 /* lightning3@2x.png */; };
		C1A3F238150AD67A00857179 /* lightning4@2x.png in Resources */ = {isa = PBXBuildFile; fileRef = C1A3F237150AD67A00857179 /* lightning4@2x.png */; };
		C1A3F23A150AD68300857179 /* lightning5@2x.png in Resources */ = {isa = PBXBuildFile; fileRef = C1A3F239150AD68300857179 /* lightning5@2x.png */; };
		C1C46EDB150C7A0F0047479D /* male@2x.png in Resources */ = {isa = PBXBuildFile; fileRef = C1C46EDA150C7A0F0047479D /* male@2x.png */; };
		C1C46EDE150C7A160047479D /* maleout@2x.png in Resources */ = {isa = PBXBuildFile; fileRef = C1C46EDD150C7A160047479D /* maleout@2x.png */; };
		C1C46EE0150C7A1F0047479D /* female@2x.png in Resources */ = {isa = PBXBuildFile; fileRef = C1C46EDF150C7A1F0047479D /* female@2x.png */; };
		C1C46EE2150C7A420047479D /* femaleout@2x.png in Resources */ = {isa = PBXBuildFile; fileRef = C1C46EE1150C7A420047479D /* femaleout@2x.png */; };
		C1C46EE6150C7A950047479D /* other@2x.png in Resources */ = {isa = PBXBuildFile; fileRef = C1C46EE5150C7A950047479D /* other@2x.png */; };
		C1C46EE8150C7AB70047479D /* otherout@2x.png in Resources */ = {isa = PBXBuildFile; fileRef = C1C46EE7150C7AB70047479D /* otherout@2x.png */; };
		C1C46EEA150C7AE80047479D /* blinkedeyes@2x.png in Resources */ = {isa = PBXBuildFile; fileRef = C1C46EE9150C7AE80047479D /* blinkedeyes@2x.png */; };
		C1C46EEC150C7AF20047479D /* crying1@2x.png in Resources */ = {isa = PBXBuildFile; fileRef = C1C46EEB150C7AF20047479D /* crying1@2x.png */; };
		C1C46EEE150C7AF50047479D /* crying2@2x.png in Resources */ = {isa = PBXBuildFile; fileRef = C1C46EED150C7AF50047479D /* crying2@2x.png */; };
		C1C46EF0150C7AF90047479D /* crying3@2x.png in Resources */ = {isa = PBXBuildFile; fileRef = C1C46EEF150C7AF90047479D /* crying3@2x.png */; };
		C1C46EF2150C7AFD0047479D /* crying4@2x.png in Resources */ = {isa = PBXBuildFile; fileRef = C1C46EF1150C7AFD0047479D /* crying4@2x.png */; };
		C1C46EF4150C7B060047479D /* crying5@2x.png in Resources */ = {isa = PBXBuildFile; fileRef = C1C46EF3150C7B060047479D /* crying5@2x.png */; };
		C1C46EF6150C7B0A0047479D /* crying6@2x.png in Resources */ = {isa = PBXBuildFile; fileRef = C1C46EF5150C7B0A0047479D /* crying6@2x.png */; };
		C1C46EF8150C7B0D0047479D /* crying7@2x.png in Resources */ = {isa = PBXBuildFile; fileRef = C1C46EF7150C7B0D0047479D /* crying7@2x.png */; };
		C1C46EFA150C7B170047479D /* neutralmouth@2x.png in Resources */ = {isa = PBXBuildFile; fileRef = C1C46EF9150C7B170047479D /* neutralmouth@2x.png */; };
		C1C46EFC150C7B1C0047479D /* neutraleyes@2x.png in Resources */ = {isa = PBXBuildFile; fileRef = C1C46EFB150C7B1C0047479D /* neutraleyes@2x.png */; };
		C1C46EFE150C7B260047479D /* openmouth@2x.png in Resources */ = {isa = PBXBuildFile; fileRef = C1C46EFD150C7B260047479D /* openmouth@2x.png */; };
		C1C46F00150C7B2B0047479D /* sadmouth1@2x.png in Resources */ = {isa = PBXBuildFile; fileRef = C1C46EFF150C7B2B0047479D /* sadmouth1@2x.png */; };
		C1C46F02150C7B2E0047479D /* sadmouth2@2x.png in Resources */ = {isa = PBXBuildFile; fileRef = C1C46F01150C7B2E0047479D /* sadmouth2@2x.png */; };
		C1C46F04150C7B360047479D /* squeezedeyes@2x.png in Resources */ = {isa = PBXBuildFile; fileRef = C1C46F03150C7B360047479D /* squeezedeyes@2x.png */; };
		C1C46F06150C7B3A0047479D /* sadeyes1@2x.png in Resources */ = {isa = PBXBuildFile; fileRef = C1C46F05150C7B3A0047479D /* sadeyes1@2x.png */; };
		C1C46F08150C7B3E0047479D /* sadeyes2@2x.png in Resources */ = {isa = PBXBuildFile; fileRef = C1C46F07150C7B3E0047479D /* sadeyes2@2x.png */; };
		C1C46F0A150C7B4B0047479D /* hair2@2x.png in Resources */ = {isa = PBXBuildFile; fileRef = C1C46F09150C7B4B0047479D /* hair2@2x.png */; };
		C1C46F0C150C7B4E0047479D /* hair1@2x.png in Resources */ = {isa = PBXBuildFile; fileRef = C1C46F0B150C7B4E0047479D /* hair1@2x.png */; };
		C1C46F0E150C7B510047479D /* hair5@2x.png in Resources */ = {isa = PBXBuildFile; fileRef = C1C46F0D150C7B510047479D /* hair5@2x.png */; };
		C1C46F10150C7B540047479D /* hair3@2x.png in Resources */ = {isa = PBXBuildFile; fileRef = C1C46F0F150C7B540047479D /* hair3@2x.png */; };
		C1C46F12150C7B570047479D /* hair4@2x.png in Resources */ = {isa = PBXBuildFile; fileRef = C1C46F11150C7B570047479D /* hair4@2x.png */; };
		C1C46F14150C7B680047479D /* shirt1@2x.png in Resources */ = {isa = PBXBuildFile; fileRef = C1C46F13150C7B680047479D /* shirt1@2x.png */; };
		C1C46F18150C7B960047479D /* shirt2out@2x.png in Resources */ = {isa = PBXBuildFile; fileRef = C1C46F17150C7B960047479D /* shirt2out@2x.png */; };
		C1C46F1C150C7BA10047479D /* shirt3@2x.png in Resources */ = {isa = PBXBuildFile; fileRef = C1C46F1B150C7BA10047479D /* shirt3@2x.png */; };
		C1C46F1E150C7BAF0047479D /* shirt3out@2x.png in Resources */ = {isa = PBXBuildFile; fileRef = C1C46F1D150C7BAF0047479D /* shirt3out@2x.png */; };
		C1C46F20150C7BB40047479D /* shirt4@2x.png in Resources */ = {isa = PBXBuildFile; fileRef = C1C46F1F150C7BB40047479D /* shirt4@2x.png */; };
		C1C46F22150C7BBB0047479D /* shirt5@2x.png in Resources */ = {isa = PBXBuildFile; fileRef = C1C46F21150C7BBB0047479D /* shirt5@2x.png */; };
		C1C46F24150C7BBE0047479D /* shirt4out@2x.png in Resources */ = {isa = PBXBuildFile; fileRef = C1C46F23150C7BBE0047479D /* shirt4out@2x.png */; };
		C1C46F26150C7BC50047479D /* shirt5out@2x.png in Resources */ = {isa = PBXBuildFile; fileRef = C1C46F25150C7BC50047479D /* shirt5out@2x.png */; };
		C1C46F28150C7BD00047479D /* other1out@2x.png in Resources */ = {isa = PBXBuildFile; fileRef = C1C46F27150C7BD00047479D /* other1out@2x.png */; };
		C1C46F2A150C7BD30047479D /* other1@2x.png in Resources */ = {isa = PBXBuildFile; fileRef = C1C46F29150C7BD30047479D /* other1@2x.png */; };
		C1C46F30150C7BF30047479D /* pants1out@2x.png in Resources */ = {isa = PBXBuildFile; fileRef = C1C46F2F150C7BF30047479D /* pants1out@2x.png */; };
		C1C46F32150C7BF70047479D /* pants2out@2x.png in Resources */ = {isa = PBXBuildFile; fileRef = C1C46F31150C7BF70047479D /* pants2out@2x.png */; };
		C1C46F34150C7C360047479D /* pants5out@2x.png in Resources */ = {isa = PBXBuildFile; fileRef = C1C46F33150C7C360047479D /* pants5out@2x.png */; };
		C1C46F36150C7C3A0047479D /* pants5@2x.png in Resources */ = {isa = PBXBuildFile; fileRef = C1C46F35150C7C3A0047479D /* pants5@2x.png */; };
		C1C46F38150C7C480047479D /* pants3@2x.png in Resources */ = {isa = PBXBuildFile; fileRef = C1C46F37150C7C480047479D /* pants3@2x.png */; };
		C1C46F3A150C7C530047479D /* pants3out@2x.png in Resources */ = {isa = PBXBuildFile; fileRef = C1C46F39150C7C530047479D /* pants3out@2x.png */; };
		C1C46F3C150C7C570047479D /* pants4out@2x.png in Resources */ = {isa = PBXBuildFile; fileRef = C1C46F3B150C7C570047479D /* pants4out@2x.png */; };
		C1C46F3E150C7C5A0047479D /* pants4@2x.png in Resources */ = {isa = PBXBuildFile; fileRef = C1C46F3D150C7C5A0047479D /* pants4@2x.png */; };
		C1C46F49150C89EE0047479D /* shirt2.png in Resources */ = {isa = PBXBuildFile; fileRef = C1C46F48150C89EE0047479D /* shirt2.png */; };
		C1C46F4B150C89F60047479D /* shirt2@2x.png in Resources */ = {isa = PBXBuildFile; fileRef = C1C46F4A150C89F60047479D /* shirt2@2x.png */; };
		C1C46F4D150C8A0B0047479D /* pants2.png in Resources */ = {isa = PBXBuildFile; fileRef = C1C46F4C150C8A0B0047479D /* pants2.png */; };
		C1C46F4F150C8A150047479D /* pants2@2x.png in Resources */ = {isa = PBXBuildFile; fileRef = C1C46F4E150C8A150047479D /* pants2@2x.png */; };
		C1C46F51150C8A260047479D /* pants1.png in Resources */ = {isa = PBXBuildFile; fileRef = C1C46F50150C8A260047479D /* pants1.png */; };
		C1C46F53150C8A290047479D /* pants1@2x.png in Resources */ = {isa = PBXBuildFile; fileRef = C1C46F52150C8A290047479D /* pants1@2x.png */; };
		C1C46F5A150C8B730047479D /* shirt1out.png in Resources */ = {isa = PBXBuildFile; fileRef = C1C46F59150C8B730047479D /* shirt1out.png */; };
		C1C46F5C150C8B770047479D /* shirt1out@2x.png in Resources */ = {isa = PBXBuildFile; fileRef = C1C46F5B150C8B770047479D /* shirt1out@2x.png */; };
		C1F511A814F29E450005A8CA /* pin@2x.png in Resources */ = {isa = PBXBuildFile; fileRef = C1F511A714F29E450005A8CA /* pin@2x.png */; };
		C1F511AA14F29E6D0005A8CA /* pin.png in Resources */ = {isa = PBXBuildFile; fileRef = C1F511A914F29E6D0005A8CA /* pin.png */; };
		C1F511AD14F29F070005A8CA /* tomato.png in Resources */ = {isa = PBXBuildFile; fileRef = C1F511AB14F29F070005A8CA /* tomato.png */; };
		C1F511AE14F29F070005A8CA /* tomato@2x.png in Resources */ = {isa = PBXBuildFile; fileRef = C1F511AC14F29F070005A8CA /* tomato@2x.png */; };
		C1F511B114F29F9F0005A8CA /* egg.png in Resources */ = {isa = PBXBuildFile; fileRef = C1F511AF14F29F9F0005A8CA /* egg.png */; };
		C1F511B214F29F9F0005A8CA /* egg@2x.png in Resources */ = {isa = PBXBuildFile; fileRef = C1F511B014F29F9F0005A8CA /* egg@2x.png */; };
		C1F511B814F2A0CD0005A8CA /* lightning1.png in Resources */ = {isa = PBXBuildFile; fileRef = C1F511B314F2A0CD0005A8CA /* lightning1.png */; };
		C1F511B914F2A0CD0005A8CA /* lightning2.png in Resources */ = {isa = PBXBuildFile; fileRef = C1F511B414F2A0CD0005A8CA /* lightning2.png */; };
		C1F511BA14F2A0CD0005A8CA /* lightning3.png in Resources */ = {isa = PBXBuildFile; fileRef = C1F511B514F2A0CD0005A8CA /* lightning3.png */; };
		C1F511BB14F2A0CD0005A8CA /* lightning4.png in Resources */ = {isa = PBXBuildFile; fileRef = C1F511B614F2A0CD0005A8CA /* lightning4.png */; };
		C1F511BC14F2A0CD0005A8CA /* lightning5.png in Resources */ = {isa = PBXBuildFile; fileRef = C1F511B714F2A0CD0005A8CA /* lightning5.png */; };
		C1F511BE14F2A1D60005A8CA /* burn.png in Resources */ = {isa = PBXBuildFile; fileRef = C1F511BD14F2A1D60005A8CA /* burn.png */; };
		C1F511C114F2A2820005A8CA /* flame1.png in Resources */ = {isa = PBXBuildFile; fileRef = C1F511BF14F2A2820005A8CA /* flame1.png */; };
		C1F511C214F2A2820005A8CA /* flame2.png in Resources */ = {isa = PBXBuildFile; fileRef = C1F511C014F2A2820005A8CA /* flame2.png */; };
		C1FA68BF150ABD620097B378 /* blinkedeyes.png in Resources */ = {isa = PBXBuildFile; fileRef = C1FA68AF150ABD620097B378 /* blinkedeyes.png */; };
		C1FA68C0150ABD620097B378 /* crying1.png in Resources */ = {isa = PBXBuildFile; fileRef = C1FA68B0150ABD620097B378 /* crying1.png */; };
		C1FA68C1150ABD620097B378 /* crying2.png in Resources */ = {isa = PBXBuildFile; fileRef = C1FA68B1150ABD620097B378 /* crying2.png */; };
		C1FA68C2150ABD620097B378 /* crying3.png in Resources */ = {isa = PBXBuildFile; fileRef = C1FA68B2150ABD620097B378 /* crying3.png */; };
		C1FA68C3150ABD620097B378 /* crying4.png in Resources */ = {isa = PBXBuildFile; fileRef = C1FA68B3150ABD620097B378 /* crying4.png */; };
		C1FA68C4150ABD620097B378 /* crying5.png in Resources */ = {isa = PBXBuildFile; fileRef = C1FA68B4150ABD620097B378 /* crying5.png */; };
		C1FA68C5150ABD620097B378 /* crying6.png in Resources */ = {isa = PBXBuildFile; fileRef = C1FA68B5150ABD620097B378 /* crying6.png */; };
		C1FA68C6150ABD620097B378 /* crying7.png in Resources */ = {isa = PBXBuildFile; fileRef = C1FA68B6150ABD620097B378 /* crying7.png */; };
		C1FA68C7150ABD620097B378 /* neutraleyes.png in Resources */ = {isa = PBXBuildFile; fileRef = C1FA68B7150ABD620097B378 /* neutraleyes.png */; };
		C1FA68C8150ABD620097B378 /* neutralmouth.png in Resources */ = {isa = PBXBuildFile; fileRef = C1FA68B8150ABD620097B378 /* neutralmouth.png */; };
		C1FA68C9150ABD620097B378 /* openmouth.png in Resources */ = {isa = PBXBuildFile; fileRef = C1FA68B9150ABD620097B378 /* openmouth.png */; };
		C1FA68CA150ABD620097B378 /* sadeyes1.png in Resources */ = {isa = PBXBuildFile; fileRef = C1FA68BA150ABD620097B378 /* sadeyes1.png */; };
		C1FA68CB150ABD620097B378 /* sadeyes2.png in Resources */ = {isa = PBXBuildFile; fileRef = C1FA68BB150ABD620097B378 /* sadeyes2.png */; };
		C1FA68CC150ABD620097B378 /* sadmouth1.png in Resources */ = {isa = PBXBuildFile; fileRef = C1FA68BC150ABD620097B378 /* sadmouth1.png */; };
		C1FA68CD150ABD620097B378 /* sadmouth2.png in Resources */ = {isa = PBXBuildFile; fileRef = C1FA68BD150ABD620097B378 /* sadmouth2.png */; };
		C1FA68CE150ABD620097B378 /* squeezedeyes.png in Resources */ = {isa = PBXBuildFile; fileRef = C1FA68BE150ABD620097B378 /* squeezedeyes.png */; };
		C1FA68D6150AC17D0097B378 /* shirt4out.png in Resources */ = {isa = PBXBuildFile; fileRef = C1FA68D5150AC17D0097B378 /* shirt4out.png */; };
		C1FA68DE150AC40A0097B378 /* pants5.png in Resources */ = {isa = PBXBuildFile; fileRef = C1FA68DD150AC40A0097B378 /* pants5.png */; };
		C1FA68E1150AC8FC0097B378 /* pants4out.png in Resources */ = {isa = PBXBuildFile; fileRef = C1FA68DF150AC8FC0097B378 /* pants4out.png */; };
		C1FA68E2150AC8FC0097B378 /* pants4.png in Resources */ = {isa = PBXBuildFile; fileRef = C1FA68E0150AC8FC0097B378 /* pants4.png */; };
/* End PBXBuildFile section */

/* Begin PBXFileReference section */
		C10D925F14F20483000EA216 /* AudioToolbox.framework */ = {isa = PBXFileReference; lastKnownFileType = wrapper.framework; name = AudioToolbox.framework; path = System/Library/Frameworks/AudioToolbox.framework; sourceTree = SDKROOT; };
		C17C5F4114B27C8D00B2F38F /* hex'd.app */ = {isa = PBXFileReference; explicitFileType = wrapper.application; includeInIndex = 0; path = "hex'd.app"; sourceTree = BUILT_PRODUCTS_DIR; };
		C17C5F4514B27C8D00B2F38F /* UIKit.framework */ = {isa = PBXFileReference; lastKnownFileType = wrapper.framework; name = UIKit.framework; path = System/Library/Frameworks/UIKit.framework; sourceTree = SDKROOT; };
		C17C5F4714B27C8D00B2F38F /* Foundation.framework */ = {isa = PBXFileReference; lastKnownFileType = wrapper.framework; name = Foundation.framework; path = System/Library/Frameworks/Foundation.framework; sourceTree = SDKROOT; };
		C17C5F4914B27C8D00B2F38F /* CoreGraphics.framework */ = {isa = PBXFileReference; lastKnownFileType = wrapper.framework; name = CoreGraphics.framework; path = System/Library/Frameworks/CoreGraphics.framework; sourceTree = SDKROOT; };
		C17C5F4D14B27C8D00B2F38F /* hex'd-Info.plist */ = {isa = PBXFileReference; lastKnownFileType = text.plist.xml; path = "hex'd-Info.plist"; sourceTree = "<group>"; };
		C17C5F4F14B27C8D00B2F38F /* en */ = {isa = PBXFileReference; lastKnownFileType = text.plist.strings; name = en; path = en.lproj/InfoPlist.strings; sourceTree = "<group>"; };
		C17C5F5114B27C8D00B2F38F /* main.m */ = {isa = PBXFileReference; lastKnownFileType = sourcecode.c.objc; path = main.m; sourceTree = "<group>"; };
		C17C5F5314B27C8D00B2F38F /* hex'd-Prefix.pch */ = {isa = PBXFileReference; lastKnownFileType = sourcecode.c.h; path = "hex'd-Prefix.pch"; sourceTree = "<group>"; };
		C17C5F5414B27C8D00B2F38F /* AppDelegate.h */ = {isa = PBXFileReference; lastKnownFileType = sourcecode.c.h; path = AppDelegate.h; sourceTree = "<group>"; };
		C17C5F5514B27C8D00B2F38F /* AppDelegate.m */ = {isa = PBXFileReference; lastKnownFileType = sourcecode.c.objc; path = AppDelegate.m; sourceTree = "<group>"; };
		C17C5F6014B27CF400B2F38F /* MainViewController.h */ = {isa = PBXFileReference; fileEncoding = 4; lastKnownFileType = sourcecode.c.h; path = MainViewController.h; sourceTree = "<group>"; };
		C17C5F6114B27CF400B2F38F /* MainViewController.m */ = {isa = PBXFileReference; fileEncoding = 4; lastKnownFileType = sourcecode.c.objc; path = MainViewController.m; sourceTree = "<group>"; };
		C17C5F6214B27CF500B2F38F /* MainViewController.xib */ = {isa = PBXFileReference; fileEncoding = 4; lastKnownFileType = file.xib; path = MainViewController.xib; sourceTree = "<group>"; };
		C17C5F6514B27EB700B2F38F /* CreditsViewController.h */ = {isa = PBXFileReference; fileEncoding = 4; lastKnownFileType = sourcecode.c.h; path = CreditsViewController.h; sourceTree = "<group>"; };
		C17C5F6614B27EB700B2F38F /* CreditsViewController.m */ = {isa = PBXFileReference; fileEncoding = 4; lastKnownFileType = sourcecode.c.objc; path = CreditsViewController.m; sourceTree = "<group>"; };
		C17C5F6714B27EB800B2F38F /* CreditsViewController.xib */ = {isa = PBXFileReference; fileEncoding = 4; lastKnownFileType = file.xib; path = CreditsViewController.xib; sourceTree = "<group>"; };
		C17C5F6A14B27ED300B2F38F /* HelpViewController.h */ = {isa = PBXFileReference; fileEncoding = 4; lastKnownFileType = sourcecode.c.h; path = HelpViewController.h; sourceTree = "<group>"; };
		C17C5F6B14B27ED300B2F38F /* HelpViewController.m */ = {isa = PBXFileReference; fileEncoding = 4; lastKnownFileType = sourcecode.c.objc; path = HelpViewController.m; sourceTree = "<group>"; };
		C17C5F6C14B27ED300B2F38F /* HelpViewController.xib */ = {isa = PBXFileReference; fileEncoding = 4; lastKnownFileType = file.xib; path = HelpViewController.xib; sourceTree = "<group>"; };
		C17C5F7414B283D300B2F38F /* DollInteractionViewController.h */ = {isa = PBXFileReference; fileEncoding = 4; lastKnownFileType = sourcecode.c.h; path = DollInteractionViewController.h; sourceTree = "<group>"; };
		C17C5F7514B283D400B2F38F /* DollInteractionViewController.m */ = {isa = PBXFileReference; fileEncoding = 4; lastKnownFileType = sourcecode.c.objc; path = DollInteractionViewController.m; sourceTree = "<group>"; };
		C17C5F7614B283D600B2F38F /* DollInteractionViewController.xib */ = {isa = PBXFileReference; fileEncoding = 4; lastKnownFileType = file.xib; path = DollInteractionViewController.xib; sourceTree = "<group>"; };
		C17C5F7914B283EF00B2F38F /* DollCustomizationViewController.h */ = {isa = PBXFileReference; fileEncoding = 4; lastKnownFileType = sourcecode.c.h; path = DollCustomizationViewController.h; sourceTree = "<group>"; };
		C17C5F7A14B283F100B2F38F /* DollCustomizationViewController.m */ = {isa = PBXFileReference; fileEncoding = 4; lastKnownFileType = sourcecode.c.objc; path = DollCustomizationViewController.m; sourceTree = "<group>"; };
		C17C5F7B14B283F200B2F38F /* DollCustomizationViewController.xib */ = {isa = PBXFileReference; fileEncoding = 4; lastKnownFileType = file.xib; path = DollCustomizationViewController.xib; sourceTree = "<group>"; };
		C17C5F7E14B2840B00B2F38F /* Doll.h */ = {isa = PBXFileReference; fileEncoding = 4; lastKnownFileType = sourcecode.c.h; path = Doll.h; sourceTree = "<group>"; };
		C17C5F7F14B2840C00B2F38F /* Doll.m */ = {isa = PBXFileReference; fileEncoding = 4; lastKnownFileType = sourcecode.c.objc; path = Doll.m; sourceTree = "<group>"; };
		C17C5F8514B284B000B2F38F /* DollDataManager.h */ = {isa = PBXFileReference; fileEncoding = 4; lastKnownFileType = sourcecode.c.h; path = DollDataManager.h; sourceTree = "<group>"; };
		C17C5F8614B284B300B2F38F /* DollDataManager.m */ = {isa = PBXFileReference; fileEncoding = 4; lastKnownFileType = sourcecode.c.objc; path = DollDataManager.m; sourceTree = "<group>"; };
		C181805E14B89DBC00EAB6F2 /* AddDollViewController.h */ = {isa = PBXFileReference; fileEncoding = 4; lastKnownFileType = sourcecode.c.h; path = AddDollViewController.h; sourceTree = "<group>"; };
		C181805F14B89DBC00EAB6F2 /* AddDollViewController.m */ = {isa = PBXFileReference; fileEncoding = 4; lastKnownFileType = sourcecode.c.objc; path = AddDollViewController.m; sourceTree = "<group>"; };
		C181806014B89DBC00EAB6F2 /* AddDollViewController.xib */ = {isa = PBXFileReference; fileEncoding = 4; lastKnownFileType = file.xib; path = AddDollViewController.xib; sourceTree = "<group>"; };
		C183ADE514BA64C9009D8ABF /* mainview.png */ = {isa = PBXFileReference; lastKnownFileType = image.png; path = mainview.png; sourceTree = "<group>"; };
		C183ADE714BA64FA009D8ABF /* startbutton.png */ = {isa = PBXFileReference; lastKnownFileType = image.png; path = startbutton.png; sourceTree = "<group>"; };
		C183ADE914BA653B009D8ABF /* helpbutton.png */ = {isa = PBXFileReference; lastKnownFileType = image.png; path = helpbutton.png; sourceTree = "<group>"; };
		C183ADEB14BA6587009D8ABF /* creditsbutton.png */ = {isa = PBXFileReference; lastKnownFileType = image.png; path = creditsbutton.png; sourceTree = "<group>"; };
		C183ADED14BA6616009D8ABF /* startbuttonpressed.png */ = {isa = PBXFileReference; lastKnownFileType = image.png; path = startbuttonpressed.png; sourceTree = "<group>"; };
		C183ADEF14BA6640009D8ABF /* creditsbuttonpressed.png */ = {isa = PBXFileReference; lastKnownFileType = image.png; path = creditsbuttonpressed.png; sourceTree = "<group>"; };
		C183ADF114BA6658009D8ABF /* helpbuttonpressed.png */ = {isa = PBXFileReference; lastKnownFileType = image.png; path = helpbuttonpressed.png; sourceTree = "<group>"; };
		C183AE2614BBB5BB009D8ABF /* female.png */ = {isa = PBXFileReference; lastKnownFileType = image.png; path = female.png; sourceTree = "<group>"; };
		C183AE2714BBB5BB009D8ABF /* femaleout.png */ = {isa = PBXFileReference; lastKnownFileType = image.png; path = femaleout.png; sourceTree = "<group>"; };
		C183AE2A14BBB642009D8ABF /* male.png */ = {isa = PBXFileReference; lastKnownFileType = image.png; path = male.png; sourceTree = "<group>"; };
		C183AE2B14BBB642009D8ABF /* maleout.png */ = {isa = PBXFileReference; lastKnownFileType = image.png; path = maleout.png; sourceTree = "<group>"; };
		C183AE2E14BBB699009D8ABF /* other.png */ = {isa = PBXFileReference; lastKnownFileType = image.png; path = other.png; sourceTree = "<group>"; };
		C183AE2F14BBB699009D8ABF /* otherout.png */ = {isa = PBXFileReference; lastKnownFileType = image.png; path = otherout.png; sourceTree = "<group>"; };
		C183AE3214BBB8FD009D8ABF /* hair1.png */ = {isa = PBXFileReference; lastKnownFileType = image.png; path = hair1.png; sourceTree = "<group>"; };
		C183AE3314BBB8FD009D8ABF /* hair2.png */ = {isa = PBXFileReference; lastKnownFileType = image.png; path = hair2.png; sourceTree = "<group>"; };
		C183AE3414BBB8FD009D8ABF /* hair3.png */ = {isa = PBXFileReference; lastKnownFileType = image.png; path = hair3.png; sourceTree = "<group>"; };
		C183AE3514BBB8FE009D8ABF /* hair4.png */ = {isa = PBXFileReference; lastKnownFileType = image.png; path = hair4.png; sourceTree = "<group>"; };
		C183AE3614BBB8FE009D8ABF /* hair5.png */ = {isa = PBXFileReference; lastKnownFileType = image.png; path = hair5.png; sourceTree = "<group>"; };
		C183AE5014BCCD63009D8ABF /* pants1out.png */ = {isa = PBXFileReference; lastKnownFileType = image.png; path = pants1out.png; sourceTree = "<group>"; };
		C183AE5414BCCD73009D8ABF /* pants2out.png */ = {isa = PBXFileReference; lastKnownFileType = image.png; path = pants2out.png; sourceTree = "<group>"; };
		C183AE5614BCCD76009D8ABF /* pants3.png */ = {isa = PBXFileReference; lastKnownFileType = image.png; path = pants3.png; sourceTree = "<group>"; };
		C183AE5D14BCCD95009D8ABF /* pants5out.png */ = {isa = PBXFileReference; lastKnownFileType = image.png; path = pants5out.png; sourceTree = "<group>"; };
		C183AE6014BCCDAC009D8ABF /* pants3out.png */ = {isa = PBXFileReference; lastKnownFileType = image.png; path = pants3out.png; sourceTree = "<group>"; };
		C183AE6214BCCDBB009D8ABF /* other1.png */ = {isa = PBXFileReference; lastKnownFileType = image.png; path = other1.png; sourceTree = "<group>"; };
		C183AE6314BCCDBB009D8ABF /* other1out.png */ = {isa = PBXFileReference; lastKnownFileType = image.png; path = other1out.png; sourceTree = "<group>"; };
		C183AE6614BCD023009D8ABF /* shirt1.png */ = {isa = PBXFileReference; lastKnownFileType = image.png; path = shirt1.png; sourceTree = "<group>"; };
		C183AE6914BCD023009D8ABF /* shirt2out.png */ = {isa = PBXFileReference; lastKnownFileType = image.png; path = shirt2out.png; sourceTree = "<group>"; };
		C183AE6E14BCD030009D8ABF /* shirt3.png */ = {isa = PBXFileReference; lastKnownFileType = image.png; path = shirt3.png; sourceTree = "<group>"; };
		C183AE7014BCD034009D8ABF /* shirt3out.png */ = {isa = PBXFileReference; lastKnownFileType = image.png; path = shirt3out.png; sourceTree = "<group>"; };
		C183AE7214BCD03C009D8ABF /* shirt4.png */ = {isa = PBXFileReference; lastKnownFileType = image.png; path = shirt4.png; sourceTree = "<group>"; };
		C183AE7414BCD03C009D8ABF /* shirt5.png */ = {isa = PBXFileReference; lastKnownFileType = image.png; path = shirt5.png; sourceTree = "<group>"; };
		C183AE7514BCD03C009D8ABF /* shirt5out.png */ = {isa = PBXFileReference; lastKnownFileType = image.png; path = shirt5out.png; sourceTree = "<group>"; };
		C183AE7B14BCE707009D8ABF /* DollsViewController.h */ = {isa = PBXFileReference; fileEncoding = 4; lastKnownFileType = sourcecode.c.h; path = DollsViewController.h; sourceTree = "<group>"; };
		C183AE7C14BCE707009D8ABF /* DollsViewController.m */ = {isa = PBXFileReference; fileEncoding = 4; lastKnownFileType = sourcecode.c.objc; path = DollsViewController.m; sourceTree = "<group>"; };
		C183AE7D14BCE707009D8ABF /* DollsViewController.xib */ = {isa = PBXFileReference; fileEncoding = 4; lastKnownFileType = file.xib; path = DollsViewController.xib; sourceTree = "<group>"; };
		C1A395481506AB7E00C8EE8E /* SystemConfiguration.framework */ = {isa = PBXFileReference; lastKnownFileType = wrapper.framework; name = SystemConfiguration.framework; path = System/Library/Frameworks/SystemConfiguration.framework; sourceTree = SDKROOT; };
		C1A3954A1506AB8B00C8EE8E /* Security.framework */ = {isa = PBXFileReference; lastKnownFileType = wrapper.framework; name = Security.framework; path = System/Library/Frameworks/Security.framework; sourceTree = SDKROOT; };
		C1A3954C1506AB9600C8EE8E /* MessageUI.framework */ = {isa = PBXFileReference; lastKnownFileType = wrapper.framework; name = MessageUI.framework; path = System/Library/Frameworks/MessageUI.framework; sourceTree = SDKROOT; };
		C1A395DC1506C4FA00C8EE8E /* QuartzCore.framework */ = {isa = PBXFileReference; lastKnownFileType = wrapper.framework; name = QuartzCore.framework; path = System/Library/Frameworks/QuartzCore.framework; sourceTree = SDKROOT; };
		C1A3F22A150AD65E00857179 /* burn@2x.png */ = {isa = PBXFileReference; lastKnownFileType = image.png; path = "burn@2x.png"; sourceTree = "<group>"; };
		C1A3F22D150AD66500857179 /* flame1@2x.png */ = {isa = PBXFileReference; lastKnownFileType = image.png; path = "flame1@2x.png"; sourceTree = "<group>"; };
		C1A3F22F150AD66A00857179 /* flame2@2x.png */ = {isa = PBXFileReference; lastKnownFileType = image.png; path = "flame2@2x.png"; sourceTree = "<group>"; };
		C1A3F231150AD66F00857179 /* lightning1@2x.png */ = {isa = PBXFileReference; lastKnownFileType = image.png; path = "lightning1@2x.png"; sourceTree = "<group>"; };
		C1A3F233150AD67300857179 /* lightning2@2x.png */ = {isa = PBXFileReference; lastKnownFileType = image.png; path = "lightning2@2x.png"; sourceTree = "<group>"; };
		C1A3F235150AD67700857179 /* lightning3@2x.png */ = {isa = PBXFileReference; lastKnownFileType = image.png; path = "lightning3@2x.png"; sourceTree = "<group>"; };
		C1A3F237150AD67A00857179 /* lightning4@2x.png */ = {isa = PBXFileReference; lastKnownFileType = image.png; path = "lightning4@2x.png"; sourceTree = "<group>"; };
		C1A3F239150AD68300857179 /* lightning5@2x.png */ = {isa = PBXFileReference; lastKnownFileType = image.png; path = "lightning5@2x.png"; sourceTree = "<group>"; };
		C1C46EDA150C7A0F0047479D /* male@2x.png */ = {isa = PBXFileReference; lastKnownFileType = image.png; path = "male@2x.png"; sourceTree = "<group>"; };
		C1C46EDD150C7A160047479D /* maleout@2x.png */ = {isa = PBXFileReference; lastKnownFileType = image.png; path = "maleout@2x.png"; sourceTree = "<group>"; };
		C1C46EDF150C7A1F0047479D /* female@2x.png */ = {isa = PBXFileReference; lastKnownFileType = image.png; path = "female@2x.png"; sourceTree = "<group>"; };
		C1C46EE1150C7A420047479D /* femaleout@2x.png */ = {isa = PBXFileReference; lastKnownFileType = image.png; path = "femaleout@2x.png"; sourceTree = "<group>"; };
		C1C46EE5150C7A950047479D /* other@2x.png */ = {isa = PBXFileReference; lastKnownFileType = image.png; path = "other@2x.png"; sourceTree = "<group>"; };
		C1C46EE7150C7AB70047479D /* otherout@2x.png */ = {isa = PBXFileReference; lastKnownFileType = image.png; path = "otherout@2x.png"; sourceTree = "<group>"; };
		C1C46EE9150C7AE80047479D /* blinkedeyes@2x.png */ = {isa = PBXFileReference; lastKnownFileType = image.png; path = "blinkedeyes@2x.png"; sourceTree = "<group>"; };
		C1C46EEB150C7AF20047479D /* crying1@2x.png */ = {isa = PBXFileReference; lastKnownFileType = image.png; path = "crying1@2x.png"; sourceTree = "<group>"; };
		C1C46EED150C7AF50047479D /* crying2@2x.png */ = {isa = PBXFileReference; lastKnownFileType = image.png; path = "crying2@2x.png"; sourceTree = "<group>"; };
		C1C46EEF150C7AF90047479D /* crying3@2x.png */ = {isa = PBXFileReference; lastKnownFileType = image.png; path = "crying3@2x.png"; sourceTree = "<group>"; };
		C1C46EF1150C7AFD0047479D /* crying4@2x.png */ = {isa = PBXFileReference; lastKnownFileType = image.png; path = "crying4@2x.png"; sourceTree = "<group>"; };
		C1C46EF3150C7B060047479D /* crying5@2x.png */ = {isa = PBXFileReference; lastKnownFileType = image.png; path = "crying5@2x.png"; sourceTree = "<group>"; };
		C1C46EF5150C7B0A0047479D /* crying6@2x.png */ = {isa = PBXFileReference; lastKnownFileType = image.png; path = "crying6@2x.png"; sourceTree = "<group>"; };
		C1C46EF7150C7B0D0047479D /* crying7@2x.png */ = {isa = PBXFileReference; lastKnownFileType = image.png; path = "crying7@2x.png"; sourceTree = "<group>"; };
		C1C46EF9150C7B170047479D /* neutralmouth@2x.png */ = {isa = PBXFileReference; lastKnownFileType = image.png; path = "neutralmouth@2x.png"; sourceTree = "<group>"; };
		C1C46EFB150C7B1C0047479D /* neutraleyes@2x.png */ = {isa = PBXFileReference; lastKnownFileType = image.png; path = "neutraleyes@2x.png"; sourceTree = "<group>"; };
		C1C46EFD150C7B260047479D /* openmouth@2x.png */ = {isa = PBXFileReference; lastKnownFileType = image.png; path = "openmouth@2x.png"; sourceTree = "<group>"; };
		C1C46EFF150C7B2B0047479D /* sadmouth1@2x.png */ = {isa = PBXFileReference; lastKnownFileType = image.png; path = "sadmouth1@2x.png"; sourceTree = "<group>"; };
		C1C46F01150C7B2E0047479D /* sadmouth2@2x.png */ = {isa = PBXFileReference; lastKnownFileType = image.png; path = "sadmouth2@2x.png"; sourceTree = "<group>"; };
		C1C46F03150C7B360047479D /* squeezedeyes@2x.png */ = {isa = PBXFileReference; lastKnownFileType = image.png; path = "squeezedeyes@2x.png"; sourceTree = "<group>"; };
		C1C46F05150C7B3A0047479D /* sadeyes1@2x.png */ = {isa = PBXFileReference; lastKnownFileType = image.png; path = "sadeyes1@2x.png"; sourceTree = "<group>"; };
		C1C46F07150C7B3E0047479D /* sadeyes2@2x.png */ = {isa = PBXFileReference; lastKnownFileType = image.png; path = "sadeyes2@2x.png"; sourceTree = "<group>"; };
		C1C46F09150C7B4B0047479D /* hair2@2x.png */ = {isa = PBXFileReference; lastKnownFileType = image.png; path = "hair2@2x.png"; sourceTree = "<group>"; };
		C1C46F0B150C7B4E0047479D /* hair1@2x.png */ = {isa = PBXFileReference; lastKnownFileType = image.png; path = "hair1@2x.png"; sourceTree = "<group>"; };
		C1C46F0D150C7B510047479D /* hair5@2x.png */ = {isa = PBXFileReference; lastKnownFileType = image.png; path = "hair5@2x.png"; sourceTree = "<group>"; };
		C1C46F0F150C7B540047479D /* hair3@2x.png */ = {isa = PBXFileReference; lastKnownFileType = image.png; path = "hair3@2x.png"; sourceTree = "<group>"; };
		C1C46F11150C7B570047479D /* hair4@2x.png */ = {isa = PBXFileReference; lastKnownFileType = image.png; path = "hair4@2x.png"; sourceTree = "<group>"; };
		C1C46F13150C7B680047479D /* shirt1@2x.png */ = {isa = PBXFileReference; lastKnownFileType = image.png; path = "shirt1@2x.png"; sourceTree = "<group>"; };
		C1C46F17150C7B960047479D /* shirt2out@2x.png */ = {isa = PBXFileReference; lastKnownFileType = image.png; path = "shirt2out@2x.png"; sourceTree = "<group>"; };
		C1C46F1B150C7BA10047479D /* shirt3@2x.png */ = {isa = PBXFileReference; lastKnownFileType = image.png; path = "shirt3@2x.png"; sourceTree = "<group>"; };
		C1C46F1D150C7BAF0047479D /* shirt3out@2x.png */ = {isa = PBXFileReference; lastKnownFileType = image.png; path = "shirt3out@2x.png"; sourceTree = "<group>"; };
		C1C46F1F150C7BB40047479D /* shirt4@2x.png */ = {isa = PBXFileReference; lastKnownFileType = image.png; path = "shirt4@2x.png"; sourceTree = "<group>"; };
		C1C46F21150C7BBB0047479D /* shirt5@2x.png */ = {isa = PBXFileReference; lastKnownFileType = image.png; path = "shirt5@2x.png"; sourceTree = "<group>"; };
		C1C46F23150C7BBE0047479D /* shirt4out@2x.png */ = {isa = PBXFileReference; lastKnownFileType = image.png; path = "shirt4out@2x.png"; sourceTree = "<group>"; };
		C1C46F25150C7BC50047479D /* shirt5out@2x.png */ = {isa = PBXFileReference; lastKnownFileType = image.png; path = "shirt5out@2x.png"; sourceTree = "<group>"; };
		C1C46F27150C7BD00047479D /* other1out@2x.png */ = {isa = PBXFileReference; lastKnownFileType = image.png; path = "other1out@2x.png"; sourceTree = "<group>"; };
		C1C46F29150C7BD30047479D /* other1@2x.png */ = {isa = PBXFileReference; lastKnownFileType = image.png; path = "other1@2x.png"; sourceTree = "<group>"; };
		C1C46F2F150C7BF30047479D /* pants1out@2x.png */ = {isa = PBXFileReference; lastKnownFileType = image.png; path = "pants1out@2x.png"; sourceTree = "<group>"; };
		C1C46F31150C7BF70047479D /* pants2out@2x.png */ = {isa = PBXFileReference; lastKnownFileType = image.png; path = "pants2out@2x.png"; sourceTree = "<group>"; };
		C1C46F33150C7C360047479D /* pants5out@2x.png */ = {isa = PBXFileReference; lastKnownFileType = image.png; path = "pants5out@2x.png"; sourceTree = "<group>"; };
		C1C46F35150C7C3A0047479D /* pants5@2x.png */ = {isa = PBXFileReference; lastKnownFileType = image.png; path = "pants5@2x.png"; sourceTree = "<group>"; };
		C1C46F37150C7C480047479D /* pants3@2x.png */ = {isa = PBXFileReference; lastKnownFileType = image.png; path = "pants3@2x.png"; sourceTree = "<group>"; };
		C1C46F39150C7C530047479D /* pants3out@2x.png */ = {isa = PBXFileReference; lastKnownFileType = image.png; path = "pants3out@2x.png"; sourceTree = "<group>"; };
		C1C46F3B150C7C570047479D /* pants4out@2x.png */ = {isa = PBXFileReference; lastKnownFileType = image.png; path = "pants4out@2x.png"; sourceTree = "<group>"; };
		C1C46F3D150C7C5A0047479D /* pants4@2x.png */ = {isa = PBXFileReference; lastKnownFileType = image.png; path = "pants4@2x.png"; sourceTree = "<group>"; };
		C1C46F48150C89EE0047479D /* shirt2.png */ = {isa = PBXFileReference; lastKnownFileType = image.png; path = shirt2.png; sourceTree = "<group>"; };
		C1C46F4A150C89F60047479D /* shirt2@2x.png */ = {isa = PBXFileReference; lastKnownFileType = image.png; path = "shirt2@2x.png"; sourceTree = "<group>"; };
		C1C46F4C150C8A0B0047479D /* pants2.png */ = {isa = PBXFileReference; lastKnownFileType = image.png; path = pants2.png; sourceTree = "<group>"; };
		C1C46F4E150C8A150047479D /* pants2@2x.png */ = {isa = PBXFileReference; lastKnownFileType = image.png; path = "pants2@2x.png"; sourceTree = "<group>"; };
		C1C46F50150C8A260047479D /* pants1.png */ = {isa = PBXFileReference; lastKnownFileType = image.png; path = pants1.png; sourceTree = "<group>"; };
		C1C46F52150C8A290047479D /* pants1@2x.png */ = {isa = PBXFileReference; lastKnownFileType = image.png; path = "pants1@2x.png"; sourceTree = "<group>"; };
		C1C46F59150C8B730047479D /* shirt1out.png */ = {isa = PBXFileReference; lastKnownFileType = image.png; path = shirt1out.png; sourceTree = "<group>"; };
		C1C46F5B150C8B770047479D /* shirt1out@2x.png */ = {isa = PBXFileReference; lastKnownFileType = image.png; path = "shirt1out@2x.png"; sourceTree = "<group>"; };
		C1F511A714F29E450005A8CA /* pin@2x.png */ = {isa = PBXFileReference; lastKnownFileType = image.png; path = "pin@2x.png"; sourceTree = "<group>"; };
		C1F511A914F29E6D0005A8CA /* pin.png */ = {isa = PBXFileReference; lastKnownFileType = image.png; path = pin.png; sourceTree = "<group>"; };
		C1F511AB14F29F070005A8CA /* tomato.png */ = {isa = PBXFileReference; lastKnownFileType = image.png; path = tomato.png; sourceTree = "<group>"; };
		C1F511AC14F29F070005A8CA /* tomato@2x.png */ = {isa = PBXFileReference; lastKnownFileType = image.png; path = "tomato@2x.png"; sourceTree = "<group>"; };
		C1F511AF14F29F9F0005A8CA /* egg.png */ = {isa = PBXFileReference; lastKnownFileType = image.png; path = egg.png; sourceTree = "<group>"; };
		C1F511B014F29F9F0005A8CA /* egg@2x.png */ = {isa = PBXFileReference; lastKnownFileType = image.png; path = "egg@2x.png"; sourceTree = "<group>"; };
		C1F511B314F2A0CD0005A8CA /* lightning1.png */ = {isa = PBXFileReference; lastKnownFileType = image.png; path = lightning1.png; sourceTree = "<group>"; };
		C1F511B414F2A0CD0005A8CA /* lightning2.png */ = {isa = PBXFileReference; lastKnownFileType = image.png; path = lightning2.png; sourceTree = "<group>"; };
		C1F511B514F2A0CD0005A8CA /* lightning3.png */ = {isa = PBXFileReference; lastKnownFileType = image.png; path = lightning3.png; sourceTree = "<group>"; };
		C1F511B614F2A0CD0005A8CA /* lightning4.png */ = {isa = PBXFileReference; lastKnownFileType = image.png; path = lightning4.png; sourceTree = "<group>"; };
		C1F511B714F2A0CD0005A8CA /* lightning5.png */ = {isa = PBXFileReference; lastKnownFileType = image.png; path = lightning5.png; sourceTree = "<group>"; };
		C1F511BD14F2A1D60005A8CA /* burn.png */ = {isa = PBXFileReference; lastKnownFileType = image.png; path = burn.png; sourceTree = "<group>"; };
		C1F511BF14F2A2820005A8CA /* flame1.png */ = {isa = PBXFileReference; lastKnownFileType = image.png; path = flame1.png; sourceTree = "<group>"; };
		C1F511C014F2A2820005A8CA /* flame2.png */ = {isa = PBXFileReference; lastKnownFileType = image.png; path = flame2.png; sourceTree = "<group>"; };
		C1FA68AF150ABD620097B378 /* blinkedeyes.png */ = {isa = PBXFileReference; lastKnownFileType = image.png; path = blinkedeyes.png; sourceTree = "<group>"; };
		C1FA68B0150ABD620097B378 /* crying1.png */ = {isa = PBXFileReference; lastKnownFileType = image.png; path = crying1.png; sourceTree = "<group>"; };
		C1FA68B1150ABD620097B378 /* crying2.png */ = {isa = PBXFileReference; lastKnownFileType = image.png; path = crying2.png; sourceTree = "<group>"; };
		C1FA68B2150ABD620097B378 /* crying3.png */ = {isa = PBXFileReference; lastKnownFileType = image.png; path = crying3.png; sourceTree = "<group>"; };
		C1FA68B3150ABD620097B378 /* crying4.png */ = {isa = PBXFileReference; lastKnownFileType = image.png; path = crying4.png; sourceTree = "<group>"; };
		C1FA68B4150ABD620097B378 /* crying5.png */ = {isa = PBXFileReference; lastKnownFileType = image.png; path = crying5.png; sourceTree = "<group>"; };
		C1FA68B5150ABD620097B378 /* crying6.png */ = {isa = PBXFileReference; lastKnownFileType = image.png; path = crying6.png; sourceTree = "<group>"; };
		C1FA68B6150ABD620097B378 /* crying7.png */ = {isa = PBXFileReference; lastKnownFileType = image.png; path = crying7.png; sourceTree = "<group>"; };
		C1FA68B7150ABD620097B378 /* neutraleyes.png */ = {isa = PBXFileReference; lastKnownFileType = image.png; path = neutraleyes.png; sourceTree = "<group>"; };
		C1FA68B8150ABD620097B378 /* neutralmouth.png */ = {isa = PBXFileReference; lastKnownFileType = image.png; path = neutralmouth.png; sourceTree = "<group>"; };
		C1FA68B9150ABD620097B378 /* openmouth.png */ = {isa = PBXFileReference; lastKnownFileType = image.png; path = openmouth.png; sourceTree = "<group>"; };
		C1FA68BA150ABD620097B378 /* sadeyes1.png */ = {isa = PBXFileReference; lastKnownFileType = image.png; path = sadeyes1.png; sourceTree = "<group>"; };
		C1FA68BB150ABD620097B378 /* sadeyes2.png */ = {isa = PBXFileReference; lastKnownFileType = image.png; path = sadeyes2.png; sourceTree = "<group>"; };
		C1FA68BC150ABD620097B378 /* sadmouth1.png */ = {isa = PBXFileReference; lastKnownFileType = image.png; path = sadmouth1.png; sourceTree = "<group>"; };
		C1FA68BD150ABD620097B378 /* sadmouth2.png */ = {isa = PBXFileReference; lastKnownFileType = image.png; path = sadmouth2.png; sourceTree = "<group>"; };
		C1FA68BE150ABD620097B378 /* squeezedeyes.png */ = {isa = PBXFileReference; lastKnownFileType = image.png; path = squeezedeyes.png; sourceTree = "<group>"; };
		C1FA68D5150AC17D0097B378 /* shirt4out.png */ = {isa = PBXFileReference; lastKnownFileType = image.png; path = shirt4out.png; sourceTree = "<group>"; };
		C1FA68DD150AC40A0097B378 /* pants5.png */ = {isa = PBXFileReference; lastKnownFileType = image.png; path = pants5.png; sourceTree = "<group>"; };
		C1FA68DF150AC8FC0097B378 /* pants4out.png */ = {isa = PBXFileReference; lastKnownFileType = image.png; path = pants4out.png; sourceTree = "<group>"; };
		C1FA68E0150AC8FC0097B378 /* pants4.png */ = {isa = PBXFileReference; lastKnownFileType = image.png; path = pants4.png; sourceTree = "<group>"; };
/* End PBXFileReference section */

/* Begin PBXFrameworksBuildPhase section */
		C17C5F3E14B27C8D00B2F38F /* Frameworks */ = {
			isa = PBXFrameworksBuildPhase;
			buildActionMask = 2147483647;
			files = (
				C1A395DD1506C4FB00C8EE8E /* QuartzCore.framework in Frameworks */,
				C1A3954D1506AB9600C8EE8E /* MessageUI.framework in Frameworks */,
				C1A3954B1506AB8B00C8EE8E /* Security.framework in Frameworks */,
				C1A395491506AB7F00C8EE8E /* SystemConfiguration.framework in Frameworks */,
				C10D926014F20483000EA216 /* AudioToolbox.framework in Frameworks */,
				C17C5F4614B27C8D00B2F38F /* UIKit.framework in Frameworks */,
				C17C5F4814B27C8D00B2F38F /* Foundation.framework in Frameworks */,
				C17C5F4A14B27C8D00B2F38F /* CoreGraphics.framework in Frameworks */,
			);
			runOnlyForDeploymentPostprocessing = 0;
		};
/* End PBXFrameworksBuildPhase section */

/* Begin PBXGroup section */
		C1181D1114BEBEC3002AB227 /* Interaction Images */ = {
			isa = PBXGroup;
			children = (
				C1F511A914F29E6D0005A8CA /* pin.png */,
				C1F511A714F29E450005A8CA /* pin@2x.png */,
				C1F511BF14F2A2820005A8CA /* flame1.png */,
				C1A3F22D150AD66500857179 /* flame1@2x.png */,
				C1F511C014F2A2820005A8CA /* flame2.png */,
				C1A3F22F150AD66A00857179 /* flame2@2x.png */,
				C1F511B314F2A0CD0005A8CA /* lightning1.png */,
				C1A3F231150AD66F00857179 /* lightning1@2x.png */,
				C1F511B414F2A0CD0005A8CA /* lightning2.png */,
				C1A3F233150AD67300857179 /* lightning2@2x.png */,
				C1F511B514F2A0CD0005A8CA /* lightning3.png */,
				C1A3F235150AD67700857179 /* lightning3@2x.png */,
				C1F511B614F2A0CD0005A8CA /* lightning4.png */,
				C1A3F237150AD67A00857179 /* lightning4@2x.png */,
				C1F511B714F2A0CD0005A8CA /* lightning5.png */,
				C1A3F239150AD68300857179 /* lightning5@2x.png */,
				C1F511BD14F2A1D60005A8CA /* burn.png */,
				C1A3F22A150AD65E00857179 /* burn@2x.png */,
				C1F511AB14F29F070005A8CA /* tomato.png */,
				C1F511AC14F29F070005A8CA /* tomato@2x.png */,
				C1F511AF14F29F9F0005A8CA /* egg.png */,
				C1F511B014F29F9F0005A8CA /* egg@2x.png */,
			);
			name = "Interaction Images";
			sourceTree = "<group>";
		};
		C17C5F3614B27C8D00B2F38F = {
			isa = PBXGroup;
			children = (
				C17C5F4B14B27C8D00B2F38F /* hex'd */,
				C17C5F4414B27C8D00B2F38F /* Frameworks */,
				C17C5F4214B27C8D00B2F38F /* Products */,
			);
			sourceTree = "<group>";
		};
		C17C5F4214B27C8D00B2F38F /* Products */ = {
			isa = PBXGroup;
			children = (
				C17C5F4114B27C8D00B2F38F /* hex'd.app */,
			);
			name = Products;
			sourceTree = "<group>";
		};
		C17C5F4414B27C8D00B2F38F /* Frameworks */ = {
			isa = PBXGroup;
			children = (
				C1A395DC1506C4FA00C8EE8E /* QuartzCore.framework */,
				C1A3954C1506AB9600C8EE8E /* MessageUI.framework */,
				C1A3954A1506AB8B00C8EE8E /* Security.framework */,
				C1A395481506AB7E00C8EE8E /* SystemConfiguration.framework */,
				C10D925F14F20483000EA216 /* AudioToolbox.framework */,
				C17C5F4514B27C8D00B2F38F /* UIKit.framework */,
				C17C5F4714B27C8D00B2F38F /* Foundation.framework */,
				C17C5F4914B27C8D00B2F38F /* CoreGraphics.framework */,
			);
			name = Frameworks;
			sourceTree = "<group>";
		};
		C17C5F4B14B27C8D00B2F38F /* hex'd */ = {
			isa = PBXGroup;
			children = (
				C17C5F5414B27C8D00B2F38F /* AppDelegate.h */,
				C17C5F5514B27C8D00B2F38F /* AppDelegate.m */,
				C183ADE214BA61B8009D8ABF /* Navigation */,
				C183ADDD14BA611C009D8ABF /* Doll Data */,
				C17C5F4C14B27C8D00B2F38F /* Supporting Files */,
			);
			path = "hex'd";
			sourceTree = "<group>";
		};
		C17C5F4C14B27C8D00B2F38F /* Supporting Files */ = {
			isa = PBXGroup;
			children = (
				C17C5F4D14B27C8D00B2F38F /* hex'd-Info.plist */,
				C17C5F4E14B27C8D00B2F38F /* InfoPlist.strings */,
				C17C5F5114B27C8D00B2F38F /* main.m */,
				C17C5F5314B27C8D00B2F38F /* hex'd-Prefix.pch */,
				C183AE0D14BBA975009D8ABF /* Main Images */,
				C183AE0F14BBA987009D8ABF /* Doll Images */,
				C1181D1114BEBEC3002AB227 /* Interaction Images */,
			);
			name = "Supporting Files";
			sourceTree = "<group>";
		};
		C183ADDA14BA60EF009D8ABF /* Interaction */ = {
			isa = PBXGroup;
			children = (
				C17C5F7414B283D300B2F38F /* DollInteractionViewController.h */,
				C17C5F7514B283D400B2F38F /* DollInteractionViewController.m */,
				C17C5F7614B283D600B2F38F /* DollInteractionViewController.xib */,
			);
			name = Interaction;
			sourceTree = "<group>";
		};
		C183ADDC14BA610C009D8ABF /* Customization */ = {
			isa = PBXGroup;
			children = (
				C17C5F7914B283EF00B2F38F /* DollCustomizationViewController.h */,
				C17C5F7A14B283F100B2F38F /* DollCustomizationViewController.m */,
				C17C5F7B14B283F200B2F38F /* DollCustomizationViewController.xib */,
			);
			name = Customization;
			sourceTree = "<group>";
		};
		C183ADDD14BA611C009D8ABF /* Doll Data */ = {
			isa = PBXGroup;
			children = (
				C17C5F8514B284B000B2F38F /* DollDataManager.h */,
				C17C5F8614B284B300B2F38F /* DollDataManager.m */,
				C17C5F7E14B2840B00B2F38F /* Doll.h */,
				C17C5F7F14B2840C00B2F38F /* Doll.m */,
			);
			name = "Doll Data";
			sourceTree = "<group>";
		};
		C183ADDE14BA616E009D8ABF /* Dolls */ = {
			isa = PBXGroup;
			children = (
				C183AE7B14BCE707009D8ABF /* DollsViewController.h */,
				C183AE7C14BCE707009D8ABF /* DollsViewController.m */,
				C183AE7D14BCE707009D8ABF /* DollsViewController.xib */,
				C181805E14B89DBC00EAB6F2 /* AddDollViewController.h */,
				C181805F14B89DBC00EAB6F2 /* AddDollViewController.m */,
				C181806014B89DBC00EAB6F2 /* AddDollViewController.xib */,
			);
			name = Dolls;
			sourceTree = "<group>";
		};
		C183ADDF14BA617E009D8ABF /* Main */ = {
			isa = PBXGroup;
			children = (
				C17C5F6014B27CF400B2F38F /* MainViewController.h */,
				C17C5F6114B27CF400B2F38F /* MainViewController.m */,
				C17C5F6214B27CF500B2F38F /* MainViewController.xib */,
			);
			name = Main;
			sourceTree = "<group>";
		};
		C183ADE014BA6194009D8ABF /* Help */ = {
			isa = PBXGroup;
			children = (
				C17C5F6A14B27ED300B2F38F /* HelpViewController.h */,
				C17C5F6B14B27ED300B2F38F /* HelpViewController.m */,
				C17C5F6C14B27ED300B2F38F /* HelpViewController.xib */,
			);
			name = Help;
			sourceTree = "<group>";
		};
		C183ADE114BA619A009D8ABF /* Credits */ = {
			isa = PBXGroup;
			children = (
				C17C5F6514B27EB700B2F38F /* CreditsViewController.h */,
				C17C5F6614B27EB700B2F38F /* CreditsViewController.m */,
				C17C5F6714B27EB800B2F38F /* CreditsViewController.xib */,
			);
			name = Credits;
			sourceTree = "<group>";
		};
		C183ADE214BA61B8009D8ABF /* Navigation */ = {
			isa = PBXGroup;
			children = (
				C183ADDF14BA617E009D8ABF /* Main */,
				C183ADE014BA6194009D8ABF /* Help */,
				C183ADE114BA619A009D8ABF /* Credits */,
				C183ADDE14BA616E009D8ABF /* Dolls */,
				C183ADDA14BA60EF009D8ABF /* Interaction */,
				C183ADDC14BA610C009D8ABF /* Customization */,
			);
			name = Navigation;
			sourceTree = "<group>";
		};
		C183AE0D14BBA975009D8ABF /* Main Images */ = {
			isa = PBXGroup;
			children = (
				C183ADE514BA64C9009D8ABF /* mainview.png */,
				C183ADE714BA64FA009D8ABF /* startbutton.png */,
				C183ADED14BA6616009D8ABF /* startbuttonpressed.png */,
				C183ADE914BA653B009D8ABF /* helpbutton.png */,
				C183ADF114BA6658009D8ABF /* helpbuttonpressed.png */,
				C183ADEB14BA6587009D8ABF /* creditsbutton.png */,
				C183ADEF14BA6640009D8ABF /* creditsbuttonpressed.png */,
			);
			name = "Main Images";
			sourceTree = "<group>";
		};
		C183AE0F14BBA987009D8ABF /* Doll Images */ = {
			isa = PBXGroup;
			children = (
				C183AE4A14BCCCFD009D8ABF /* Genders */,
				C1FA68AE150ABD510097B378 /* Face */,
				C183AE4B14BCCD12009D8ABF /* Hair */,
				C183AE4C14BCCD26009D8ABF /* Shirts */,
				C183AE4D14BCCD38009D8ABF /* Pants */,
				C183AE7A14BCD13D009D8ABF /* Other */,
			);
			name = "Doll Images";
			sourceTree = "<group>";
		};
		C183AE4A14BCCCFD009D8ABF /* Genders */ = {
			isa = PBXGroup;
			children = (
				C183AE2A14BBB642009D8ABF /* male.png */,
				C1C46EDA150C7A0F0047479D /* male@2x.png */,
				C183AE2B14BBB642009D8ABF /* maleout.png */,
				C1C46EDD150C7A160047479D /* maleout@2x.png */,
				C183AE2614BBB5BB009D8ABF /* female.png */,
				C1C46EDF150C7A1F0047479D /* female@2x.png */,
				C183AE2714BBB5BB009D8ABF /* femaleout.png */,
				C1C46EE1150C7A420047479D /* femaleout@2x.png */,
				C183AE2E14BBB699009D8ABF /* other.png */,
				C1C46EE5150C7A950047479D /* other@2x.png */,
				C183AE2F14BBB699009D8ABF /* otherout.png */,
				C1C46EE7150C7AB70047479D /* otherout@2x.png */,
			);
			name = Genders;
			sourceTree = "<group>";
		};
		C183AE4B14BCCD12009D8ABF /* Hair */ = {
			isa = PBXGroup;
			children = (
				C183AE3214BBB8FD009D8ABF /* hair1.png */,
				C1C46F0B150C7B4E0047479D /* hair1@2x.png */,
				C183AE3314BBB8FD009D8ABF /* hair2.png */,
				C1C46F09150C7B4B0047479D /* hair2@2x.png */,
				C183AE3414BBB8FD009D8ABF /* hair3.png */,
				C1C46F0F150C7B540047479D /* hair3@2x.png */,
				C183AE3514BBB8FE009D8ABF /* hair4.png */,
				C1C46F11150C7B570047479D /* hair4@2x.png */,
				C183AE3614BBB8FE009D8ABF /* hair5.png */,
				C1C46F0D150C7B510047479D /* hair5@2x.png */,
			);
			name = Hair;
			sourceTree = "<group>";
		};
		C183AE4C14BCCD26009D8ABF /* Shirts */ = {
			isa = PBXGroup;
			children = (
				C183AE6614BCD023009D8ABF /* shirt1.png */,
				C1C46F13150C7B680047479D /* shirt1@2x.png */,
				C1C46F59150C8B730047479D /* shirt1out.png */,
				C1C46F5B150C8B770047479D /* shirt1out@2x.png */,
				C1C46F48150C89EE0047479D /* shirt2.png */,
				C1C46F4A150C89F60047479D /* shirt2@2x.png */,
				C183AE6914BCD023009D8ABF /* shirt2out.png */,
				C1C46F17150C7B960047479D /* shirt2out@2x.png */,
				C183AE6E14BCD030009D8ABF /* shirt3.png */,
				C1C46F1B150C7BA10047479D /* shirt3@2x.png */,
				C183AE7014BCD034009D8ABF /* shirt3out.png */,
				C1C46F1D150C7BAF0047479D /* shirt3out@2x.png */,
				C183AE7214BCD03C009D8ABF /* shirt4.png */,
				C1C46F1F150C7BB40047479D /* shirt4@2x.png */,
				C1FA68D5150AC17D0097B378 /* shirt4out.png */,
				C1C46F23150C7BBE0047479D /* shirt4out@2x.png */,
				C183AE7414BCD03C009D8ABF /* shirt5.png */,
				C1C46F21150C7BBB0047479D /* shirt5@2x.png */,
				C183AE7514BCD03C009D8ABF /* shirt5out.png */,
				C1C46F25150C7BC50047479D /* shirt5out@2x.png */,
			);
			name = Shirts;
			sourceTree = "<group>";
		};
		C183AE4D14BCCD38009D8ABF /* Pants */ = {
			isa = PBXGroup;
			children = (
				C1C46F50150C8A260047479D /* pants1.png */,
				C1C46F52150C8A290047479D /* pants1@2x.png */,
				C183AE5014BCCD63009D8ABF /* pants1out.png */,
				C1C46F2F150C7BF30047479D /* pants1out@2x.png */,
				C1C46F4C150C8A0B0047479D /* pants2.png */,
				C1C46F4E150C8A150047479D /* pants2@2x.png */,
				C183AE5414BCCD73009D8ABF /* pants2out.png */,
				C1C46F31150C7BF70047479D /* pants2out@2x.png */,
				C183AE5614BCCD76009D8ABF /* pants3.png */,
				C1C46F37150C7C480047479D /* pants3@2x.png */,
				C183AE6014BCCDAC009D8ABF /* pants3out.png */,
				C1C46F39150C7C530047479D /* pants3out@2x.png */,
				C1FA68E0150AC8FC0097B378 /* pants4.png */,
				C1C46F3D150C7C5A0047479D /* pants4@2x.png */,
				C1FA68DF150AC8FC0097B378 /* pants4out.png */,
				C1C46F3B150C7C570047479D /* pants4out@2x.png */,
				C1FA68DD150AC40A0097B378 /* pants5.png */,
				C1C46F35150C7C3A0047479D /* pants5@2x.png */,
				C183AE5D14BCCD95009D8ABF /* pants5out.png */,
				C1C46F33150C7C360047479D /* pants5out@2x.png */,
			);
			name = Pants;
			sourceTree = "<group>";
		};
		C183AE7A14BCD13D009D8ABF /* Other */ = {
			isa = PBXGroup;
			children = (
				C183AE6214BCCDBB009D8ABF /* other1.png */,
				C1C46F29150C7BD30047479D /* other1@2x.png */,
				C183AE6314BCCDBB009D8ABF /* other1out.png */,
				C1C46F27150C7BD00047479D /* other1out@2x.png */,
			);
			name = Other;
			sourceTree = "<group>";
		};
		C1FA68AE150ABD510097B378 /* Face */ = {
			isa = PBXGroup;
			children = (
				C1FA68AF150ABD620097B378 /* blinkedeyes.png */,
				C1C46EE9150C7AE80047479D /* blinkedeyes@2x.png */,
				C1FA68B0150ABD620097B378 /* crying1.png */,
				C1C46EEB150C7AF20047479D /* crying1@2x.png */,
				C1FA68B1150ABD620097B378 /* crying2.png */,
				C1C46EED150C7AF50047479D /* crying2@2x.png */,
				C1FA68B2150ABD620097B378 /* crying3.png */,
				C1C46EEF150C7AF90047479D /* crying3@2x.png */,
				C1FA68B3150ABD620097B378 /* crying4.png */,
				C1C46EF1150C7AFD0047479D /* crying4@2x.png */,
				C1FA68B4150ABD620097B378 /* crying5.png */,
				C1C46EF3150C7B060047479D /* crying5@2x.png */,
				C1FA68B5150ABD620097B378 /* crying6.png */,
				C1C46EF5150C7B0A0047479D /* crying6@2x.png */,
				C1FA68B6150ABD620097B378 /* crying7.png */,
				C1C46EF7150C7B0D0047479D /* crying7@2x.png */,
				C1FA68B7150ABD620097B378 /* neutraleyes.png */,
				C1C46EFB150C7B1C0047479D /* neutraleyes@2x.png */,
				C1FA68B8150ABD620097B378 /* neutralmouth.png */,
				C1C46EF9150C7B170047479D /* neutralmouth@2x.png */,
				C1FA68B9150ABD620097B378 /* openmouth.png */,
				C1C46EFD150C7B260047479D /* openmouth@2x.png */,
				C1FA68BA150ABD620097B378 /* sadeyes1.png */,
				C1C46F05150C7B3A0047479D /* sadeyes1@2x.png */,
				C1FA68BB150ABD620097B378 /* sadeyes2.png */,
				C1C46F07150C7B3E0047479D /* sadeyes2@2x.png */,
				C1FA68BC150ABD620097B378 /* sadmouth1.png */,
				C1C46EFF150C7B2B0047479D /* sadmouth1@2x.png */,
				C1FA68BD150ABD620097B378 /* sadmouth2.png */,
				C1C46F01150C7B2E0047479D /* sadmouth2@2x.png */,
				C1FA68BE150ABD620097B378 /* squeezedeyes.png */,
				C1C46F03150C7B360047479D /* squeezedeyes@2x.png */,
			);
			name = Face;
			sourceTree = "<group>";
		};
/* End PBXGroup section */

/* Begin PBXNativeTarget section */
		C17C5F4014B27C8D00B2F38F /* hex'd */ = {
			isa = PBXNativeTarget;
			buildConfigurationList = C17C5F5914B27C8D00B2F38F /* Build configuration list for PBXNativeTarget "hex'd" */;
			buildPhases = (
				C17C5F3D14B27C8D00B2F38F /* Sources */,
				C17C5F3E14B27C8D00B2F38F /* Frameworks */,
				C17C5F3F14B27C8D00B2F38F /* Resources */,
			);
			buildRules = (
			);
			dependencies = (
			);
			name = "hex'd";
			productName = "hex'd";
			productReference = C17C5F4114B27C8D00B2F38F /* hex'd.app */;
			productType = "com.apple.product-type.application";
		};
/* End PBXNativeTarget section */

/* Begin PBXProject section */
		C17C5F3814B27C8D00B2F38F /* Project object */ = {
			isa = PBXProject;
			attributes = {
				LastUpgradeCheck = 0420;
			};
			buildConfigurationList = C17C5F3B14B27C8D00B2F38F /* Build configuration list for PBXProject "hex'd" */;
			compatibilityVersion = "Xcode 3.2";
			developmentRegion = English;
			hasScannedForEncodings = 0;
			knownRegions = (
				en,
			);
			mainGroup = C17C5F3614B27C8D00B2F38F;
			productRefGroup = C17C5F4214B27C8D00B2F38F /* Products */;
			projectDirPath = "";
			projectRoot = "";
			targets = (
				C17C5F4014B27C8D00B2F38F /* hex'd */,
			);
		};
/* End PBXProject section */

/* Begin PBXResourcesBuildPhase section */
		C17C5F3F14B27C8D00B2F38F /* Resources */ = {
			isa = PBXResourcesBuildPhase;
			buildActionMask = 2147483647;
			files = (
				C17C5F5014B27C8D00B2F38F /* InfoPlist.strings in Resources */,
				C17C5F6414B27CF500B2F38F /* MainViewController.xib in Resources */,
				C17C5F6914B27EB800B2F38F /* CreditsViewController.xib in Resources */,
				C17C5F6E14B27ED400B2F38F /* HelpViewController.xib in Resources */,
				C17C5F7814B283D600B2F38F /* DollInteractionViewController.xib in Resources */,
				C17C5F7D14B283F400B2F38F /* DollCustomizationViewController.xib in Resources */,
				C181806214B89DBC00EAB6F2 /* AddDollViewController.xib in Resources */,
				C183ADE614BA64C9009D8ABF /* mainview.png in Resources */,
				C183ADE814BA64FA009D8ABF /* startbutton.png in Resources */,
				C183ADEA14BA653B009D8ABF /* helpbutton.png in Resources */,
				C183ADEC14BA6587009D8ABF /* creditsbutton.png in Resources */,
				C183ADEE14BA6616009D8ABF /* startbuttonpressed.png in Resources */,
				C183ADF014BA6640009D8ABF /* creditsbuttonpressed.png in Resources */,
				C183ADF214BA6658009D8ABF /* helpbuttonpressed.png in Resources */,
				C183AE2814BBB5BB009D8ABF /* female.png in Resources */,
				C183AE2914BBB5BB009D8ABF /* femaleout.png in Resources */,
				C183AE2C14BBB642009D8ABF /* male.png in Resources */,
				C183AE2D14BBB642009D8ABF /* maleout.png in Resources */,
				C183AE3014BBB699009D8ABF /* other.png in Resources */,
				C183AE3114BBB699009D8ABF /* otherout.png in Resources */,
				C183AE3714BBB8FE009D8ABF /* hair1.png in Resources */,
				C183AE3814BBB8FE009D8ABF /* hair2.png in Resources */,
				C183AE3914BBB8FE009D8ABF /* hair3.png in Resources */,
				C183AE3A14BBB8FE009D8ABF /* hair4.png in Resources */,
				C183AE3B14BBB8FE009D8ABF /* hair5.png in Resources */,
				C183AE5114BCCD63009D8ABF /* pants1out.png in Resources */,
				C183AE5514BCCD73009D8ABF /* pants2out.png in Resources */,
				C183AE5714BCCD76009D8ABF /* pants3.png in Resources */,
				C183AE5F14BCCD95009D8ABF /* pants5out.png in Resources */,
				C183AE6114BCCDAC009D8ABF /* pants3out.png in Resources */,
				C183AE6414BCCDBB009D8ABF /* other1.png in Resources */,
				C183AE6514BCCDBB009D8ABF /* other1out.png in Resources */,
				C183AE6A14BCD023009D8ABF /* shirt1.png in Resources */,
				C183AE6D14BCD023009D8ABF /* shirt2out.png in Resources */,
				C183AE6F14BCD030009D8ABF /* shirt3.png in Resources */,
				C183AE7114BCD034009D8ABF /* shirt3out.png in Resources */,
				C183AE7614BCD03C009D8ABF /* shirt4.png in Resources */,
				C183AE7814BCD03C009D8ABF /* shirt5.png in Resources */,
				C183AE7914BCD03C009D8ABF /* shirt5out.png in Resources */,
				C183AE7F14BCE708009D8ABF /* DollsViewController.xib in Resources */,
				C1F511A814F29E450005A8CA /* pin@2x.png in Resources */,
				C1F511AA14F29E6D0005A8CA /* pin.png in Resources */,
				C1F511AD14F29F070005A8CA /* tomato.png in Resources */,
				C1F511AE14F29F070005A8CA /* tomato@2x.png in Resources */,
				C1F511B114F29F9F0005A8CA /* egg.png in Resources */,
				C1F511B214F29F9F0005A8CA /* egg@2x.png in Resources */,
				C1F511B814F2A0CD0005A8CA /* lightning1.png in Resources */,
				C1F511B914F2A0CD0005A8CA /* lightning2.png in Resources */,
				C1F511BA14F2A0CD0005A8CA /* lightning3.png in Resources */,
				C1F511BB14F2A0CD0005A8CA /* lightning4.png in Resources */,
				C1F511BC14F2A0CD0005A8CA /* lightning5.png in Resources */,
				C1F511BE14F2A1D60005A8CA /* burn.png in Resources */,
				C1F511C114F2A2820005A8CA /* flame1.png in Resources */,
				C1F511C214F2A2820005A8CA /* flame2.png in Resources */,
				C1FA68BF150ABD620097B378 /* blinkedeyes.png in Resources */,
				C1FA68C0150ABD620097B378 /* crying1.png in Resources */,
				C1FA68C1150ABD620097B378 /* crying2.png in Resources */,
				C1FA68C2150ABD620097B378 /* crying3.png in Resources */,
				C1FA68C3150ABD620097B378 /* crying4.png in Resources */,
				C1FA68C4150ABD620097B378 /* crying5.png in Resources */,
				C1FA68C5150ABD620097B378 /* crying6.png in Resources */,
				C1FA68C6150ABD620097B378 /* crying7.png in Resources */,
				C1FA68C7150ABD620097B378 /* neutraleyes.png in Resources */,
				C1FA68C8150ABD620097B378 /* neutralmouth.png in Resources */,
				C1FA68C9150ABD620097B378 /* openmouth.png in Resources */,
				C1FA68CA150ABD620097B378 /* sadeyes1.png in Resources */,
				C1FA68CB150ABD620097B378 /* sadeyes2.png in Resources */,
				C1FA68CC150ABD620097B378 /* sadmouth1.png in Resources */,
				C1FA68CD150ABD620097B378 /* sadmouth2.png in Resources */,
				C1FA68CE150ABD620097B378 /* squeezedeyes.png in Resources */,
				C1FA68D6150AC17D0097B378 /* shirt4out.png in Resources */,
				C1FA68DE150AC40A0097B378 /* pants5.png in Resources */,
				C1FA68E1150AC8FC0097B378 /* pants4out.png in Resources */,
				C1FA68E2150AC8FC0097B378 /* pants4.png in Resources */,
				C1A3F22B150AD65E00857179 /* burn@2x.png in Resources */,
				C1A3F22E150AD66500857179 /* flame1@2x.png in Resources */,
				C1A3F230150AD66A00857179 /* flame2@2x.png in Resources */,
				C1A3F232150AD66F00857179 /* lightning1@2x.png in Resources */,
				C1A3F234150AD67300857179 /* lightning2@2x.png in Resources */,
				C1A3F236150AD67700857179 /* lightning3@2x.png in Resources */,
				C1A3F238150AD67A00857179 /* lightning4@2x.png in Resources */,
				C1A3F23A150AD68300857179 /* lightning5@2x.png in Resources */,
				C1C46EDB150C7A0F0047479D /* male@2x.png in Resources */,
				C1C46EDE150C7A160047479D /* maleout@2x.png in Resources */,
				C1C46EE0150C7A1F0047479D /* female@2x.png in Resources */,
				C1C46EE2150C7A420047479D /* femaleout@2x.png in Resources */,
				C1C46EE6150C7A950047479D /* other@2x.png in Resources */,
				C1C46EE8150C7AB70047479D /* otherout@2x.png in Resources */,
				C1C46EEA150C7AE80047479D /* blinkedeyes@2x.png in Resources */,
				C1C46EEC150C7AF20047479D /* crying1@2x.png in Resources */,
				C1C46EEE150C7AF50047479D /* crying2@2x.png in Resources */,
				C1C46EF0150C7AF90047479D /* crying3@2x.png in Resources */,
				C1C46EF2150C7AFD0047479D /* crying4@2x.png in Resources */,
				C1C46EF4150C7B060047479D /* crying5@2x.png in Resources */,
				C1C46EF6150C7B0A0047479D /* crying6@2x.png in Resources */,
				C1C46EF8150C7B0D0047479D /* crying7@2x.png in Resources */,
				C1C46EFA150C7B170047479D /* neutralmouth@2x.png in Resources */,
				C1C46EFC150C7B1C0047479D /* neutraleyes@2x.png in Resources */,
				C1C46EFE150C7B260047479D /* openmouth@2x.png in Resources */,
				C1C46F00150C7B2B0047479D /* sadmouth1@2x.png in Resources */,
				C1C46F02150C7B2E0047479D /* sadmouth2@2x.png in Resources */,
				C1C46F04150C7B360047479D /* squeezedeyes@2x.png in Resources */,
				C1C46F06150C7B3A0047479D /* sadeyes1@2x.png in Resources */,
				C1C46F08150C7B3E0047479D /* sadeyes2@2x.png in Resources */,
				C1C46F0A150C7B4B0047479D /* hair2@2x.png in Resources */,
				C1C46F0C150C7B4E0047479D /* hair1@2x.png in Resources */,
				C1C46F0E150C7B510047479D /* hair5@2x.png in Resources */,
				C1C46F10150C7B540047479D /* hair3@2x.png in Resources */,
				C1C46F12150C7B570047479D /* hair4@2x.png in Resources */,
				C1C46F14150C7B680047479D /* shirt1@2x.png in Resources */,
				C1C46F18150C7B960047479D /* shirt2out@2x.png in Resources */,
				C1C46F1C150C7BA10047479D /* shirt3@2x.png in Resources */,
				C1C46F1E150C7BAF0047479D /* shirt3out@2x.png in Resources */,
				C1C46F20150C7BB40047479D /* shirt4@2x.png in Resources */,
				C1C46F22150C7BBB0047479D /* shirt5@2x.png in Resources */,
				C1C46F24150C7BBE0047479D /* shirt4out@2x.png in Resources */,
				C1C46F26150C7BC50047479D /* shirt5out@2x.png in Resources */,
				C1C46F28150C7BD00047479D /* other1out@2x.png in Resources */,
				C1C46F2A150C7BD30047479D /* other1@2x.png in Resources */,
				C1C46F30150C7BF30047479D /* pants1out@2x.png in Resources */,
				C1C46F32150C7BF70047479D /* pants2out@2x.png in Resources */,
				C1C46F34150C7C360047479D /* pants5out@2x.png in Resources */,
				C1C46F36150C7C3A0047479D /* pants5@2x.png in Resources */,
				C1C46F38150C7C480047479D /* pants3@2x.png in Resources */,
				C1C46F3A150C7C530047479D /* pants3out@2x.png in Resources */,
				C1C46F3C150C7C570047479D /* pants4out@2x.png in Resources */,
				C1C46F3E150C7C5A0047479D /* pants4@2x.png in Resources */,
				C1C46F49150C89EE0047479D /* shirt2.png in Resources */,
				C1C46F4B150C89F60047479D /* shirt2@2x.png in Resources */,
				C1C46F4D150C8A0B0047479D /* pants2.png in Resources */,
				C1C46F4F150C8A150047479D /* pants2@2x.png in Resources */,
				C1C46F51150C8A260047479D /* pants1.png in Resources */,
				C1C46F53150C8A290047479D /* pants1@2x.png in Resources */,
				C1C46F5A150C8B730047479D /* shirt1out.png in Resources */,
				C1C46F5C150C8B770047479D /* shirt1out@2x.png in Resources */,
			);
			runOnlyForDeploymentPostprocessing = 0;
		};
/* End PBXResourcesBuildPhase section */

/* Begin PBXSourcesBuildPhase section */
		C17C5F3D14B27C8D00B2F38F /* Sources */ = {
			isa = PBXSourcesBuildPhase;
			buildActionMask = 2147483647;
			files = (
				C17C5F5214B27C8D00B2F38F /* main.m in Sources */,
				C17C5F5614B27C8D00B2F38F /* AppDelegate.m in Sources */,
				C17C5F6314B27CF500B2F38F /* MainViewController.m in Sources */,
				C17C5F6814B27EB800B2F38F /* CreditsViewController.m in Sources */,
				C17C5F6D14B27ED400B2F38F /* HelpViewController.m in Sources */,
				C17C5F7714B283D600B2F38F /* DollInteractionViewController.m in Sources */,
				C17C5F7C14B283F400B2F38F /* DollCustomizationViewController.m in Sources */,
				C17C5F8014B2840E00B2F38F /* Doll.m in Sources */,
				C17C5F8714B284B600B2F38F /* DollDataManager.m in Sources */,
				C181806114B89DBC00EAB6F2 /* AddDollViewController.m in Sources */,
				C183AE7E14BCE708009D8ABF /* DollsViewController.m in Sources */,
			);
			runOnlyForDeploymentPostprocessing = 0;
		};
/* End PBXSourcesBuildPhase section */

/* Begin PBXVariantGroup section */
		C17C5F4E14B27C8D00B2F38F /* InfoPlist.strings */ = {
			isa = PBXVariantGroup;
			children = (
				C17C5F4F14B27C8D00B2F38F /* en */,
			);
			name = InfoPlist.strings;
			sourceTree = "<group>";
		};
/* End PBXVariantGroup section */

/* Begin XCBuildConfiguration section */
		C17C5F5714B27C8D00B2F38F /* Debug */ = {
			isa = XCBuildConfiguration;
			buildSettings = {
				ALWAYS_SEARCH_USER_PATHS = NO;
				ARCHS = "$(ARCHS_STANDARD_32_BIT)";
				"CODE_SIGN_IDENTITY[sdk=iphoneos*]" = "iPhone Developer";
				COPY_PHASE_STRIP = NO;
				GCC_C_LANGUAGE_STANDARD = gnu99;
				GCC_DYNAMIC_NO_PIC = NO;
				GCC_OPTIMIZATION_LEVEL = 0;
				GCC_PREPROCESSOR_DEFINITIONS = (
					"DEBUG=1",
					"$(inherited)",
				);
				GCC_SYMBOLS_PRIVATE_EXTERN = NO;
				GCC_VERSION = com.apple.compilers.llvm.clang.1_0;
				GCC_WARN_ABOUT_MISSING_PROTOTYPES = YES;
				GCC_WARN_ABOUT_RETURN_TYPE = YES;
				GCC_WARN_UNUSED_VARIABLE = YES;
				IPHONEOS_DEPLOYMENT_TARGET = 5.0;
				SDKROOT = iphoneos;
			};
			name = Debug;
		};
		C17C5F5814B27C8D00B2F38F /* Release */ = {
			isa = XCBuildConfiguration;
			buildSettings = {
				ALWAYS_SEARCH_USER_PATHS = NO;
				ARCHS = "$(ARCHS_STANDARD_32_BIT)";
				"CODE_SIGN_IDENTITY[sdk=iphoneos*]" = "iPhone Developer";
				COPY_PHASE_STRIP = YES;
				GCC_C_LANGUAGE_STANDARD = gnu99;
				GCC_VERSION = com.apple.compilers.llvm.clang.1_0;
				GCC_WARN_ABOUT_MISSING_PROTOTYPES = YES;
				GCC_WARN_ABOUT_RETURN_TYPE = YES;
				GCC_WARN_UNUSED_VARIABLE = YES;
				IPHONEOS_DEPLOYMENT_TARGET = 5.0;
				OTHER_CFLAGS = "-DNS_BLOCK_ASSERTIONS=1";
				SDKROOT = iphoneos;
				VALIDATE_PRODUCT = YES;
			};
			name = Release;
		};
		C17C5F5A14B27C8D00B2F38F /* Debug */ = {
			isa = XCBuildConfiguration;
			buildSettings = {
				GCC_PRECOMPILE_PREFIX_HEADER = YES;
				GCC_PREFIX_HEADER = "hex'd/hex'd-Prefix.pch";
				INFOPLIST_FILE = "hex'd/hex'd-Info.plist";
				PRODUCT_NAME = "$(TARGET_NAME)";
				WRAPPER_EXTENSION = app;
			};
			name = Debug;
		};
		C17C5F5B14B27C8D00B2F38F /* Release */ = {
			isa = XCBuildConfiguration;
			buildSettings = {
				GCC_PRECOMPILE_PREFIX_HEADER = YES;
				GCC_PREFIX_HEADER = "hex'd/hex'd-Prefix.pch";
				INFOPLIST_FILE = "hex'd/hex'd-Info.plist";
				PRODUCT_NAME = "$(TARGET_NAME)";
				WRAPPER_EXTENSION = app;
			};
			name = Release;
		};
/* End XCBuildConfiguration section */

/* Begin XCConfigurationList section */
		C17C5F3B14B27C8D00B2F38F /* Build configuration list for PBXProject "hex'd" */ = {
			isa = XCConfigurationList;
			buildConfigurations = (
				C17C5F5714B27C8D00B2F38F /* Debug */,
				C17C5F5814B27C8D00B2F38F /* Release */,
			);
			defaultConfigurationIsVisible = 0;
			defaultConfigurationName = Release;
		};
		C17C5F5914B27C8D00B2F38F /* Build configuration list for PBXNativeTarget "hex'd" */ = {
			isa = XCConfigurationList;
			buildConfigurations = (
				C17C5F5A14B27C8D00B2F38F /* Debug */,
				C17C5F5B14B27C8D00B2F38F /* Release */,
			);
			defaultConfigurationIsVisible = 0;
			defaultConfigurationName = Release;
		};
/* End XCConfigurationList section */
	};
	rootObject = C17C5F3814B27C8D00B2F38F /* Project object */;
}
